
Microsoft Visual Studio Solution File, Format Version 11.00
# Visual Studio 2010
Project("{FAE04EC0-301F-11D3-BF4B-00C04F79EFBC}") = "Turbine.Data", "..\Master\Turbine.Data\Turbine.Data.csproj", "{6F28D4CB-DB06-4C50-9AAE-512BADE44824}"
EndProject
Project("{FAE04EC0-301F-11D3-BF4B-00C04F79EFBC}") = "Turbine.Common", "..\Master\Turbine.Common\Turbine.Common.csproj", "{5FACCEB7-0EED-4C61-BCC9-14471BA5064A}"
EndProject
Project("{FAE04EC0-301F-11D3-BF4B-00C04F79EFBC}") = "Turbine.Consumer", "..\Master\Turbine.Consumer\Turbine.Consumer.csproj", "{20973A51-D353-4F60-802C-7AD3A50989F2}"
EndProject
Project("{FAE04EC0-301F-11D3-BF4B-00C04F79EFBC}") = "Turbine.Data.Contract", "..\Master\Turbine.Data.Contract\Turbine.Data.Contract.csproj", "{23C17385-1DB9-4A0E-8630-8479940BCD37}"
EndProject
Project("{FAE04EC0-301F-11D3-BF4B-00C04F79EFBC}") = "ConsumerUnitTests", "..\Master\ConsumerUnitTests\ConsumerUnitTests.csproj", "{50F9C122-5718-4665-BD4A-8A3D75713640}"
EndProject
Project("{FAE04EC0-301F-11D3-BF4B-00C04F79EFBC}") = "DataIntegrationTests", "..\Master\DataIntegrationTests\DataIntegrationTests.csproj", "{AA8A6EB5-F01C-4A7E-AFF6-713BC5D9CA13}"
EndProject
Project("{FAE04EC0-301F-11D3-BF4B-00C04F79EFBC}") = "AspenSinterConsumerConsole", "..\Master\AspenSinterConsumerConsole\AspenSinterConsumerConsole.csproj", "{19A9B3B9-DC75-4A2D-B2AE-C0ABE17EC426}"
EndProject
Project("{FAE04EC0-301F-11D3-BF4B-00C04F79EFBC}") = "AspenSinterConsumerWindowsService", "..\Master\AspenSinterConsumerWindowsService\AspenSinterConsumerWindowsService.csproj", "{3D016C6B-8F47-482B-A623-A2B8ED8C832D}"
EndProject
Project("{FAE04EC0-301F-11D3-BF4B-00C04F79EFBC}") = "AspenSinter", "..\Master\AspenSinter\AspenSinter.csproj", "{84A26762-F0EE-4470-AA40-F0520DC2AC95}"
EndProject
Project("{FAE04EC0-301F-11D3-BF4B-00C04F79EFBC}") = "Turbine.Data.Consumer", "..\Master\Turbine.Data.Consumer\Turbine.Data.Consumer.csproj", "{12C7723F-AA00-475A-A186-3BE80CEBC62D}"
EndProject
Project("{FAE04EC0-301F-11D3-BF4B-00C04F79EFBC}") = "Turbine.Consumer.Data.Contract", "..\Master\Turbine.Consumer.Data.Contract\Turbine.Consumer.Data.Contract.csproj", "{8DA31E80-621E-4247-A0D8-533303CD0C7C}"
EndProject
Project("{FAE04EC0-301F-11D3-BF4B-00C04F79EFBC}") = "Turbine.Consumer.AWS", "..\Master\Turbine.Consumer.AWS\Turbine.Consumer.AWS.csproj", "{8B90D49B-FA4A-4D5D-98CA-520EAFB083CD}"
EndProject
Project("{FAE04EC0-301F-11D3-BF4B-00C04F79EFBC}") = "Turbine.Consumer.Data.Contract.Behaviors", "..\Master\Turbine.Consumer.Data.Contract.Behaviors\Turbine.Consumer.Data.Contract.Behaviors.csproj", "{F992559E-6820-4341-A489-1AF82F9FC8A5}"
EndProject
Project("{FAE04EC0-301F-11D3-BF4B-00C04F79EFBC}") = "Turbine.Data.Contract.Behaviors", "..\Master\Turbine.Data.Contract.Behaviors\Turbine.Data.Contract.Behaviors.csproj", "{F6E67385-2EBD-412A-A31C-9920610EEA1E}"
EndProject
Project("{FAE04EC0-301F-11D3-BF4B-00C04F79EFBC}") = "SinterHelperFunctions", "..\Master\SinterHelperFunctions\SinterHelperFunctions.csproj", "{34AD1BC3-A029-453A-91F6-0225BC8ACF97}"
EndProject
Global
	GlobalSection(SolutionConfigurationPlatforms) = preSolution
		Debug|Any CPU = Debug|Any CPU
		Debug|Mixed Platforms = Debug|Mixed Platforms
		Debug|x86 = Debug|x86
		Release|Any CPU = Release|Any CPU
		Release|Mixed Platforms = Release|Mixed Platforms
		Release|x86 = Release|x86
	EndGlobalSection
	GlobalSection(ProjectConfigurationPlatforms) = postSolution
		{6F28D4CB-DB06-4C50-9AAE-512BADE44824}.Debug|Any CPU.ActiveCfg = Debug|Any CPU
		{6F28D4CB-DB06-4C50-9AAE-512BADE44824}.Debug|Any CPU.Build.0 = Debug|Any CPU
		{6F28D4CB-DB06-4C50-9AAE-512BADE44824}.Debug|Mixed Platforms.ActiveCfg = Debug|Any CPU
		{6F28D4CB-DB06-4C50-9AAE-512BADE44824}.Debug|Mixed Platforms.Build.0 = Debug|Any CPU
		{6F28D4CB-DB06-4C50-9AAE-512BADE44824}.Debug|x86.ActiveCfg = Debug|Any CPU
		{6F28D4CB-DB06-4C50-9AAE-512BADE44824}.Release|Any CPU.ActiveCfg = Release|Any CPU
		{6F28D4CB-DB06-4C50-9AAE-512BADE44824}.Release|Any CPU.Build.0 = Release|Any CPU
		{6F28D4CB-DB06-4C50-9AAE-512BADE44824}.Release|Mixed Platforms.ActiveCfg = Release|Any CPU
		{6F28D4CB-DB06-4C50-9AAE-512BADE44824}.Release|Mixed Platforms.Build.0 = Release|Any CPU
		{6F28D4CB-DB06-4C50-9AAE-512BADE44824}.Release|x86.ActiveCfg = Release|Any CPU
		{5FACCEB7-0EED-4C61-BCC9-14471BA5064A}.Debug|Any CPU.ActiveCfg = Debug|Any CPU
		{5FACCEB7-0EED-4C61-BCC9-14471BA5064A}.Debug|Any CPU.Build.0 = Debug|Any CPU
		{5FACCEB7-0EED-4C61-BCC9-14471BA5064A}.Debug|Mixed Platforms.ActiveCfg = Debug|Any CPU
		{5FACCEB7-0EED-4C61-BCC9-14471BA5064A}.Debug|Mixed Platforms.Build.0 = Debug|Any CPU
		{5FACCEB7-0EED-4C61-BCC9-14471BA5064A}.Debug|x86.ActiveCfg = Debug|Any CPU
		{5FACCEB7-0EED-4C61-BCC9-14471BA5064A}.Release|Any CPU.ActiveCfg = Release|Any CPU
		{5FACCEB7-0EED-4C61-BCC9-14471BA5064A}.Release|Any CPU.Build.0 = Release|Any CPU
		{5FACCEB7-0EED-4C61-BCC9-14471BA5064A}.Release|Mixed Platforms.ActiveCfg = Release|Any CPU
		{5FACCEB7-0EED-4C61-BCC9-14471BA5064A}.Release|Mixed Platforms.Build.0 = Release|Any CPU
		{5FACCEB7-0EED-4C61-BCC9-14471BA5064A}.Release|x86.ActiveCfg = Release|Any CPU
		{20973A51-D353-4F60-802C-7AD3A50989F2}.Debug|Any CPU.ActiveCfg = Debug|Any CPU
		{20973A51-D353-4F60-802C-7AD3A50989F2}.Debug|Any CPU.Build.0 = Debug|Any CPU
		{20973A51-D353-4F60-802C-7AD3A50989F2}.Debug|Mixed Platforms.ActiveCfg = Debug|Any CPU
		{20973A51-D353-4F60-802C-7AD3A50989F2}.Debug|Mixed Platforms.Build.0 = Debug|Any CPU
		{20973A51-D353-4F60-802C-7AD3A50989F2}.Debug|x86.ActiveCfg = Debug|Any CPU
		{20973A51-D353-4F60-802C-7AD3A50989F2}.Release|Any CPU.ActiveCfg = Release|Any CPU
		{20973A51-D353-4F60-802C-7AD3A50989F2}.Release|Any CPU.Build.0 = Release|Any CPU
		{20973A51-D353-4F60-802C-7AD3A50989F2}.Release|Mixed Platforms.ActiveCfg = Release|Any CPU
		{20973A51-D353-4F60-802C-7AD3A50989F2}.Release|Mixed Platforms.Build.0 = Release|Any CPU
		{20973A51-D353-4F60-802C-7AD3A50989F2}.Release|x86.ActiveCfg = Release|Any CPU
		{23C17385-1DB9-4A0E-8630-8479940BCD37}.Debug|Any CPU.ActiveCfg = Debug|Any CPU
		{23C17385-1DB9-4A0E-8630-8479940BCD37}.Debug|Any CPU.Build.0 = Debug|Any CPU
		{23C17385-1DB9-4A0E-8630-8479940BCD37}.Debug|Mixed Platforms.ActiveCfg = Debug|Any CPU
		{23C17385-1DB9-4A0E-8630-8479940BCD37}.Debug|Mixed Platforms.Build.0 = Debug|Any CPU
		{23C17385-1DB9-4A0E-8630-8479940BCD37}.Debug|x86.ActiveCfg = Debug|Any CPU
		{23C17385-1DB9-4A0E-8630-8479940BCD37}.Release|Any CPU.ActiveCfg = Release|Any CPU
		{23C17385-1DB9-4A0E-8630-8479940BCD37}.Release|Any CPU.Build.0 = Release|Any CPU
		{23C17385-1DB9-4A0E-8630-8479940BCD37}.Release|Mixed Platforms.ActiveCfg = Release|Any CPU
		{23C17385-1DB9-4A0E-8630-8479940BCD37}.Release|Mixed Platforms.Build.0 = Release|Any CPU
		{23C17385-1DB9-4A0E-8630-8479940BCD37}.Release|x86.ActiveCfg = Release|Any CPU
		{50F9C122-5718-4665-BD4A-8A3D75713640}.Debug|Any CPU.ActiveCfg = Debug|Any CPU
		{50F9C122-5718-4665-BD4A-8A3D75713640}.Debug|Any CPU.Build.0 = Debug|Any CPU
		{50F9C122-5718-4665-BD4A-8A3D75713640}.Debug|Mixed Platforms.ActiveCfg = Debug|Any CPU
		{50F9C122-5718-4665-BD4A-8A3D75713640}.Debug|Mixed Platforms.Build.0 = Debug|Any CPU
		{50F9C122-5718-4665-BD4A-8A3D75713640}.Debug|x86.ActiveCfg = Debug|Any CPU
		{50F9C122-5718-4665-BD4A-8A3D75713640}.Release|Any CPU.ActiveCfg = Release|Any CPU
		{50F9C122-5718-4665-BD4A-8A3D75713640}.Release|Any CPU.Build.0 = Release|Any CPU
		{50F9C122-5718-4665-BD4A-8A3D75713640}.Release|Mixed Platforms.ActiveCfg = Release|Any CPU
		{50F9C122-5718-4665-BD4A-8A3D75713640}.Release|Mixed Platforms.Build.0 = Release|Any CPU
		{50F9C122-5718-4665-BD4A-8A3D75713640}.Release|x86.ActiveCfg = Release|Any CPU
		{AA8A6EB5-F01C-4A7E-AFF6-713BC5D9CA13}.Debug|Any CPU.ActiveCfg = Debug|Any CPU
		{AA8A6EB5-F01C-4A7E-AFF6-713BC5D9CA13}.Debug|Any CPU.Build.0 = Debug|Any CPU
		{AA8A6EB5-F01C-4A7E-AFF6-713BC5D9CA13}.Debug|Mixed Platforms.ActiveCfg = Debug|Any CPU
		{AA8A6EB5-F01C-4A7E-AFF6-713BC5D9CA13}.Debug|Mixed Platforms.Build.0 = Debug|Any CPU
		{AA8A6EB5-F01C-4A7E-AFF6-713BC5D9CA13}.Debug|x86.ActiveCfg = Debug|Any CPU
		{AA8A6EB5-F01C-4A7E-AFF6-713BC5D9CA13}.Release|Any CPU.ActiveCfg = Release|Any CPU
		{AA8A6EB5-F01C-4A7E-AFF6-713BC5D9CA13}.Release|Any CPU.Build.0 = Release|Any CPU
		{AA8A6EB5-F01C-4A7E-AFF6-713BC5D9CA13}.Release|Mixed Platforms.ActiveCfg = Release|Any CPU
		{AA8A6EB5-F01C-4A7E-AFF6-713BC5D9CA13}.Release|Mixed Platforms.Build.0 = Release|Any CPU
		{AA8A6EB5-F01C-4A7E-AFF6-713BC5D9CA13}.Release|x86.ActiveCfg = Release|Any CPU
		{19A9B3B9-DC75-4A2D-B2AE-C0ABE17EC426}.Debug|Any CPU.ActiveCfg = Debug|x86
		{19A9B3B9-DC75-4A2D-B2AE-C0ABE17EC426}.Debug|Mixed Platforms.ActiveCfg = Debug|x86
		{19A9B3B9-DC75-4A2D-B2AE-C0ABE17EC426}.Debug|Mixed Platforms.Build.0 = Debug|x86
		{19A9B3B9-DC75-4A2D-B2AE-C0ABE17EC426}.Debug|x86.ActiveCfg = Debug|x86
		{19A9B3B9-DC75-4A2D-B2AE-C0ABE17EC426}.Debug|x86.Build.0 = Debug|x86
		{19A9B3B9-DC75-4A2D-B2AE-C0ABE17EC426}.Release|Any CPU.ActiveCfg = Release|x86
		{19A9B3B9-DC75-4A2D-B2AE-C0ABE17EC426}.Release|Mixed Platforms.ActiveCfg = Release|x86
		{19A9B3B9-DC75-4A2D-B2AE-C0ABE17EC426}.Release|Mixed Platforms.Build.0 = Release|x86
		{19A9B3B9-DC75-4A2D-B2AE-C0ABE17EC426}.Release|x86.ActiveCfg = Release|x86
		{19A9B3B9-DC75-4A2D-B2AE-C0ABE17EC426}.Release|x86.Build.0 = Release|x86
		{3D016C6B-8F47-482B-A623-A2B8ED8C832D}.Debug|Any CPU.ActiveCfg = Debug|x86
		{3D016C6B-8F47-482B-A623-A2B8ED8C832D}.Debug|Mixed Platforms.ActiveCfg = Debug|x86
		{3D016C6B-8F47-482B-A623-A2B8ED8C832D}.Debug|Mixed Platforms.Build.0 = Debug|x86
		{3D016C6B-8F47-482B-A623-A2B8ED8C832D}.Debug|x86.ActiveCfg = Debug|x86
		{3D016C6B-8F47-482B-A623-A2B8ED8C832D}.Debug|x86.Build.0 = Debug|x86
		{3D016C6B-8F47-482B-A623-A2B8ED8C832D}.Release|Any CPU.ActiveCfg = Release|x86
		{3D016C6B-8F47-482B-A623-A2B8ED8C832D}.Release|Mixed Platforms.ActiveCfg = Release|x86
		{3D016C6B-8F47-482B-A623-A2B8ED8C832D}.Release|Mixed Platforms.Build.0 = Release|x86
		{3D016C6B-8F47-482B-A623-A2B8ED8C832D}.Release|x86.ActiveCfg = Release|x86
		{3D016C6B-8F47-482B-A623-A2B8ED8C832D}.Release|x86.Build.0 = Release|x86
		{84A26762-F0EE-4470-AA40-F0520DC2AC95}.Debug|Any CPU.ActiveCfg = Debug|x86
		{84A26762-F0EE-4470-AA40-F0520DC2AC95}.Debug|Mixed Platforms.ActiveCfg = Debug|x86
		{84A26762-F0EE-4470-AA40-F0520DC2AC95}.Debug|Mixed Platforms.Build.0 = Debug|x86
		{84A26762-F0EE-4470-AA40-F0520DC2AC95}.Debug|x86.ActiveCfg = Debug|x86
		{84A26762-F0EE-4470-AA40-F0520DC2AC95}.Debug|x86.Build.0 = Debug|x86
		{84A26762-F0EE-4470-AA40-F0520DC2AC95}.Release|Any CPU.ActiveCfg = Release|x86
		{84A26762-F0EE-4470-AA40-F0520DC2AC95}.Release|Mixed Platforms.ActiveCfg = Release|x86
		{84A26762-F0EE-4470-AA40-F0520DC2AC95}.Release|Mixed Platforms.Build.0 = Release|x86
		{84A26762-F0EE-4470-AA40-F0520DC2AC95}.Release|x86.ActiveCfg = Release|x86
		{84A26762-F0EE-4470-AA40-F0520DC2AC95}.Release|x86.Build.0 = Release|x86
		{12C7723F-AA00-475A-A186-3BE80CEBC62D}.Debug|Any CPU.ActiveCfg = Debug|Any CPU
		{12C7723F-AA00-475A-A186-3BE80CEBC62D}.Debug|Any CPU.Build.0 = Debug|Any CPU
		{12C7723F-AA00-475A-A186-3BE80CEBC62D}.Debug|Mixed Platforms.ActiveCfg = Debug|Any CPU
		{12C7723F-AA00-475A-A186-3BE80CEBC62D}.Debug|Mixed Platforms.Build.0 = Debug|Any CPU
		{12C7723F-AA00-475A-A186-3BE80CEBC62D}.Debug|x86.ActiveCfg = Debug|Any CPU
		{12C7723F-AA00-475A-A186-3BE80CEBC62D}.Release|Any CPU.ActiveCfg = Release|Any CPU
		{12C7723F-AA00-475A-A186-3BE80CEBC62D}.Release|Any CPU.Build.0 = Release|Any CPU
		{12C7723F-AA00-475A-A186-3BE80CEBC62D}.Release|Mixed Platforms.ActiveCfg = Release|Any CPU
		{12C7723F-AA00-475A-A186-3BE80CEBC62D}.Release|Mixed Platforms.Build.0 = Release|Any CPU
		{12C7723F-AA00-475A-A186-3BE80CEBC62D}.Release|x86.ActiveCfg = Release|Any CPU
		{8DA31E80-621E-4247-A0D8-533303CD0C7C}.Debug|Any CPU.ActiveCfg = Debug|Any CPU
		{8DA31E80-621E-4247-A0D8-533303CD0C7C}.Debug|Any CPU.Build.0 = Debug|Any CPU
		{8DA31E80-621E-4247-A0D8-533303CD0C7C}.Debug|Mixed Platforms.ActiveCfg = Debug|Any CPU
		{8DA31E80-621E-4247-A0D8-533303CD0C7C}.Debug|Mixed Platforms.Build.0 = Debug|Any CPU
		{8DA31E80-621E-4247-A0D8-533303CD0C7C}.Debug|x86.ActiveCfg = Debug|Any CPU
		{8DA31E80-621E-4247-A0D8-533303CD0C7C}.Release|Any CPU.ActiveCfg = Release|Any CPU
		{8DA31E80-621E-4247-A0D8-533303CD0C7C}.Release|Any CPU.Build.0 = Release|Any CPU
		{8DA31E80-621E-4247-A0D8-533303CD0C7C}.Release|Mixed Platforms.ActiveCfg = Release|Any CPU
		{8DA31E80-621E-4247-A0D8-533303CD0C7C}.Release|Mixed Platforms.Build.0 = Release|Any CPU
		{8DA31E80-621E-4247-A0D8-533303CD0C7C}.Release|x86.ActiveCfg = Release|Any CPU
		{8B90D49B-FA4A-4D5D-98CA-520EAFB083CD}.Debug|Any CPU.ActiveCfg = Debug|Any CPU
		{8B90D49B-FA4A-4D5D-98CA-520EAFB083CD}.Debug|Any CPU.Build.0 = Debug|Any CPU
		{8B90D49B-FA4A-4D5D-98CA-520EAFB083CD}.Debug|Mixed Platforms.ActiveCfg = Debug|Any CPU
		{8B90D49B-FA4A-4D5D-98CA-520EAFB083CD}.Debug|Mixed Platforms.Build.0 = Debug|Any CPU
		{8B90D49B-FA4A-4D5D-98CA-520EAFB083CD}.Debug|x86.ActiveCfg = Debug|Any CPU
		{8B90D49B-FA4A-4D5D-98CA-520EAFB083CD}.Release|Any CPU.ActiveCfg = Release|Any CPU
		{8B90D49B-FA4A-4D5D-98CA-520EAFB083CD}.Release|Any CPU.Build.0 = Release|Any CPU
		{8B90D49B-FA4A-4D5D-98CA-520EAFB083CD}.Release|Mixed Platforms.ActiveCfg = Release|Any CPU
		{8B90D49B-FA4A-4D5D-98CA-520EAFB083CD}.Release|Mixed Platforms.Build.0 = Release|Any CPU
		{8B90D49B-FA4A-4D5D-98CA-520EAFB083CD}.Release|x86.ActiveCfg = Release|Any CPU
		{F992559E-6820-4341-A489-1AF82F9FC8A5}.Debug|Any CPU.ActiveCfg = Debug|Any CPU
		{F992559E-6820-4341-A489-1AF82F9FC8A5}.Debug|Any CPU.Build.0 = Debug|Any CPU
		{F992559E-6820-4341-A489-1AF82F9FC8A5}.Debug|Mixed Platforms.ActiveCfg = Debug|Any CPU
		{F992559E-6820-4341-A489-1AF82F9FC8A5}.Debug|Mixed Platforms.Build.0 = Debug|Any CPU
		{F992559E-6820-4341-A489-1AF82F9FC8A5}.Debug|x86.ActiveCfg = Debug|Any CPU
		{F992559E-6820-4341-A489-1AF82F9FC8A5}.Release|Any CPU.ActiveCfg = Release|Any CPU
		{F992559E-6820-4341-A489-1AF82F9FC8A5}.Release|Any CPU.Build.0 = Release|Any CPU
		{F992559E-6820-4341-A489-1AF82F9FC8A5}.Release|Mixed Platforms.ActiveCfg = Release|Any CPU
		{F992559E-6820-4341-A489-1AF82F9FC8A5}.Release|Mixed Platforms.Build.0 = Release|Any CPU
		{F992559E-6820-4341-A489-1AF82F9FC8A5}.Release|x86.ActiveCfg = Release|Any CPU
		{F6E67385-2EBD-412A-A31C-9920610EEA1E}.Debug|Any CPU.ActiveCfg = Debug|Any CPU
		{F6E67385-2EBD-412A-A31C-9920610EEA1E}.Debug|Any CPU.Build.0 = Debug|Any CPU
		{F6E67385-2EBD-412A-A31C-9920610EEA1E}.Debug|Mixed Platforms.ActiveCfg = Debug|Any CPU
		{F6E67385-2EBD-412A-A31C-9920610EEA1E}.Debug|Mixed Platforms.Build.0 = Debug|Any CPU
		{F6E67385-2EBD-412A-A31C-9920610EEA1E}.Debug|x86.ActiveCfg = Debug|Any CPU
		{F6E67385-2EBD-412A-A31C-9920610EEA1E}.Release|Any CPU.ActiveCfg = Release|Any CPU
		{F6E67385-2EBD-412A-A31C-9920610EEA1E}.Release|Any CPU.Build.0 = Release|Any CPU
		{F6E67385-2EBD-412A-A31C-9920610EEA1E}.Release|Mixed Platforms.ActiveCfg = Release|Any CPU
		{F6E67385-2EBD-412A-A31C-9920610EEA1E}.Release|Mixed Platforms.Build.0 = Release|Any CPU
		{F6E67385-2EBD-412A-A31C-9920610EEA1E}.Release|x86.ActiveCfg = Release|Any CPU
		{34AD1BC3-A029-453A-91F6-0225BC8ACF97}.Debug|Any CPU.ActiveCfg = Debug|Any CPU
		{34AD1BC3-A029-453A-91F6-0225BC8ACF97}.Debug|Any CPU.Build.0 = Debug|Any CPU
		{34AD1BC3-A029-453A-91F6-0225BC8ACF97}.Debug|Mixed Platforms.ActiveCfg = Debug|Any CPU
		{34AD1BC3-A029-453A-91F6-0225BC8ACF97}.Debug|Mixed Platforms.Build.0 = Debug|Any CPU
		{34AD1BC3-A029-453A-91F6-0225BC8ACF97}.Debug|x86.ActiveCfg = Debug|Any CPU
		{34AD1BC3-A029-453A-91F6-0225BC8ACF97}.Release|Any CPU.ActiveCfg = Release|Any CPU
		{34AD1BC3-A029-453A-91F6-0225BC8ACF97}.Release|Any CPU.Build.0 = Release|Any CPU
		{34AD1BC3-A029-453A-91F6-0225BC8ACF97}.Release|Mixed Platforms.ActiveCfg = Release|Any CPU
		{34AD1BC3-A029-453A-91F6-0225BC8ACF97}.Release|Mixed Platforms.Build.0 = Release|Any CPU
		{34AD1BC3-A029-453A-91F6-0225BC8ACF97}.Release|x86.ActiveCfg = Release|Any CPU
	EndGlobalSection
	GlobalSection(SolutionProperties) = preSolution
		HideSolutionNode = FALSE
	EndGlobalSection
EndGlobal
