
Microsoft Visual Studio Solution File, Format Version 12.00
# Visual Studio 2012
Project("{FAE04EC0-301F-11D3-BF4B-00C04F79EFBC}") = "DatabaseUnitTest", "..\Master\DatabaseUnitTest\DatabaseUnitTest.csproj", "{F4F8A43A-8F52-4216-9E5B-E03BCF5D50A8}"
EndProject
Project("{FAE04EC0-301F-11D3-BF4B-00C04F79EFBC}") = "Turbine.DataEF6", "..\Master\Turbine.DataEF6\Turbine.DataEF6.csproj", "{7C0FA46A-937D-44E0-AD71-D96F383FA4CA}"
EndProject
Project("{FAE04EC0-301F-11D3-BF4B-00C04F79EFBC}") = "Turbine.Data.Entities", "..\Master\Turbine.Data.Entities\Turbine.Data.Entities.csproj", "{3EA3A2A9-ED28-4CDD-84BE-11A65B68834F}"
EndProject
Project("{FAE04EC0-301F-11D3-BF4B-00C04F79EFBC}") = "Turbine.Web", "..\Master\Turbine.Web\Turbine.Web.csproj", "{06490331-48AF-4DBE-AEA0-75BF65868B90}"
EndProject
Project("{FAE04EC0-301F-11D3-BF4B-00C04F79EFBC}") = "Turbine.Data.Serialize", "..\Master\Turbine.Data.Serialize\Turbine.Data.Serialize.csproj", "{FCC0496B-3C87-4030-8630-2A3A08181408}"
EndProject
Project("{FAE04EC0-301F-11D3-BF4B-00C04F79EFBC}") = "Turbine.Lite.Web.Resources", "..\Master\Turbine.Lite.Web.Resources\Turbine.Lite.Web.Resources.csproj", "{ABCCE275-0025-4532-8F4A-75B22E3C6241}"
EndProject
Project("{FAE04EC0-301F-11D3-BF4B-00C04F79EFBC}") = "TurbineLiteWebApplication", "..\Master\TurbineLite\TurbineLiteWebApplication\TurbineLiteWebApplication.csproj", "{FF91C81D-45E4-414D-96A2-A8E35CD353EE}"
EndProject
Project("{FAE04EC0-301F-11D3-BF4B-00C04F79EFBC}") = "Turbine.Producer.Data.Contract.Behaviors", "..\Master\Turbine.Producer.Data.Contract.Behaviors\Turbine.Producer.Data.Contract.Behaviors.csproj", "{8608F337-91A1-4260-8A2D-CE7EF0CA45B8}"
EndProject
Project("{FAE04EC0-301F-11D3-BF4B-00C04F79EFBC}") = "Turbine.Data.Contract.Behaviors", "..\Master\Turbine.Data.Contract.Behaviors\Turbine.Data.Contract.Behaviors.csproj", "{F6E67385-2EBD-412A-A31C-9920610EEA1E}"
EndProject
Project("{FAE04EC0-301F-11D3-BF4B-00C04F79EFBC}") = "SelfHostWebApplication", "..\Master\SelfHostWebApplication\SelfHostWebApplication.csproj", "{3E1B9548-A8BC-43D4-9ECB-37D4DE916F43}"
EndProject
Project("{2150E333-8FDC-42A3-9474-1A3956D46DE8}") = "Test", "Test", "{EA838697-6911-4A47-A837-7A64582311B3}"
EndProject
Project("{FAE04EC0-301F-11D3-BF4B-00C04F79EFBC}") = "SelfHostIntegrationTest", "..\Master\SelfHostIntegrationTest\SelfHostIntegrationTest.csproj", "{FF6504D8-FEDB-4807-AC29-F456B157BC5A}"
EndProject
Project("{2150E333-8FDC-42A3-9474-1A3956D46DE8}") = "Solution Items", "Solution Items", "{08F91DA6-42D8-48C9-B082-850652F9641E}"
	ProjectSection(SolutionItems) = preProject
		..\Master\Turbine.Producer\Turbine.Producer.csproj = ..\Master\Turbine.Producer\Turbine.Producer.csproj
	EndProjectSection
EndProject
Project("{FAE04EC0-301F-11D3-BF4B-00C04F79EFBC}") = "Turbine.Producer", "..\Master\Turbine.Producer\Turbine.Producer.csproj", "{BCB53D56-20A1-49F9-A9C0-49229529C77C}"
EndProject
Project("{FAE04EC0-301F-11D3-BF4B-00C04F79EFBC}") = "Turbine.Consumer.Contract.Behaviors", "..\Master\Turbine.Consumer.Contract.Behaviors\Turbine.Consumer.Contract.Behaviors.csproj", "{0866F140-3BD7-4AA3-9B1C-7096B6721D99}"
EndProject
Project("{FAE04EC0-301F-11D3-BF4B-00C04F79EFBC}") = "Turbine.Consumer.Data.Contract.Behaviors", "..\Master\Turbine.Consumer.Data.Contract.Behaviors\Turbine.Consumer.Data.Contract.Behaviors.csproj", "{F992559E-6820-4341-A489-1AF82F9FC8A5}"
EndProject
Project("{2150E333-8FDC-42A3-9474-1A3956D46DE8}") = "consumer", "consumer", "{B78EE688-EC60-4AF6-8E16-C4EFCC7A03D0}"
EndProject
Project("{FAE04EC0-301F-11D3-BF4B-00C04F79EFBC}") = "Turbine.Consumer", "..\Master\Turbine.Consumer\Turbine.Consumer.csproj", "{20973A51-D353-4F60-802C-7AD3A50989F2}"
EndProject
Project("{2150E333-8FDC-42A3-9474-1A3956D46DE8}") = "producer", "producer", "{6A27BAAB-4D19-40B7-8CA2-8B3CB5FED20C}"
EndProject
Project("{FAE04EC0-301F-11D3-BF4B-00C04F79EFBC}") = "Turbine.DataEF6.Contract", "..\Master\Turbine.DataEF6.Contract\Turbine.DataEF6.Contract.csproj", "{3FF93C52-D576-4E80-81A4-AEBFD7F1F4FC}"
EndProject
Project("{FAE04EC0-301F-11D3-BF4B-00C04F79EFBC}") = "Turbine.Lite.Consumer.Data.Contract", "..\Master\Turbine.Lite.Consumer.Data.Contract\Turbine.Lite.Consumer.Data.Contract.csproj", "{7A1F5303-BC4B-4BF6-97AD-E3A524CC1971}"
EndProject
Project("{930C7802-8A8C-48F9-8165-68863BCCD9DD}") = "TurbineSetupLibrary", "..\Master\TurbineSetupLibrary\TurbineSetupLibrary.wixproj", "{1B88C188-9959-4C0C-943E-A16DE4278B3D}"
EndProject
Project("{930C7802-8A8C-48F9-8165-68863BCCD9DD}") = "TurbineLiteWiXInstaller", "..\Master\TurbineLiteWiXInstaller\TurbineLiteWiXInstaller.wixproj", "{A5CBDA7E-0AB4-4C24-BD4C-FF8D6B24E5C7}"
	ProjectSection(ProjectDependencies) = postProject
		{7A1F5303-BC4B-4BF6-97AD-E3A524CC1971} = {7A1F5303-BC4B-4BF6-97AD-E3A524CC1971}
		{FF91C81D-45E4-414D-96A2-A8E35CD353EE} = {FF91C81D-45E4-414D-96A2-A8E35CD353EE}
		{C8B76D2A-9AF5-48EC-8C34-380626FE42D6} = {C8B76D2A-9AF5-48EC-8C34-380626FE42D6}
		{06490331-48AF-4DBE-AEA0-75BF65868B90} = {06490331-48AF-4DBE-AEA0-75BF65868B90}
		{99EE0832-C4AF-483A-AF3E-01BA65335C8D} = {99EE0832-C4AF-483A-AF3E-01BA65335C8D}
		{8608F337-91A1-4260-8A2D-CE7EF0CA45B8} = {8608F337-91A1-4260-8A2D-CE7EF0CA45B8}
		{0866F140-3BD7-4AA3-9B1C-7096B6721D99} = {0866F140-3BD7-4AA3-9B1C-7096B6721D99}
		{C8F14943-5922-4682-868F-6B4E496527EB} = {C8F14943-5922-4682-868F-6B4E496527EB}
		{21D3C04F-6FC7-40F7-9F78-4D35CF9B0783} = {21D3C04F-6FC7-40F7-9F78-4D35CF9B0783}
		{20973A51-D353-4F60-802C-7AD3A50989F2} = {20973A51-D353-4F60-802C-7AD3A50989F2}
		{3FF93C52-D576-4E80-81A4-AEBFD7F1F4FC} = {3FF93C52-D576-4E80-81A4-AEBFD7F1F4FC}
		{BCB53D56-20A1-49F9-A9C0-49229529C77C} = {BCB53D56-20A1-49F9-A9C0-49229529C77C}
		{FCC0496B-3C87-4030-8630-2A3A08181408} = {FCC0496B-3C87-4030-8630-2A3A08181408}
		{3D016C6B-8F47-482B-A623-A2B8ED8C832D} = {3D016C6B-8F47-482B-A623-A2B8ED8C832D}
		{B0EEF272-C513-4C91-98DB-045AF4A6672C} = {B0EEF272-C513-4C91-98DB-045AF4A6672C}
		{ABCCE275-0025-4532-8F4A-75B22E3C6241} = {ABCCE275-0025-4532-8F4A-75B22E3C6241}
		{6CA6A07E-022B-4044-9DC7-C489E261DBC0} = {6CA6A07E-022B-4044-9DC7-C489E261DBC0}
		{F6E67385-2EBD-412A-A31C-9920610EEA1E} = {F6E67385-2EBD-412A-A31C-9920610EEA1E}
		{F992559E-6820-4341-A489-1AF82F9FC8A5} = {F992559E-6820-4341-A489-1AF82F9FC8A5}
		{3EA3A2A9-ED28-4CDD-84BE-11A65B68834F} = {3EA3A2A9-ED28-4CDD-84BE-11A65B68834F}
		{235629AC-26C1-46A1-8ADF-37BCE26A3F68} = {235629AC-26C1-46A1-8ADF-37BCE26A3F68}
		{747933AE-0C39-4B9F-9511-CA4080753E9C} = {747933AE-0C39-4B9F-9511-CA4080753E9C}
		{19A9B3B9-DC75-4A2D-B2AE-C0ABE17EC426} = {19A9B3B9-DC75-4A2D-B2AE-C0ABE17EC426}
	EndProjectSection
EndProject
Project("{FAE04EC0-301F-11D3-BF4B-00C04F79EFBC}") = "AspenSinterConsumerConsole", "..\Master\AspenSinterConsumerConsole\AspenSinterConsumerConsole.csproj", "{19A9B3B9-DC75-4A2D-B2AE-C0ABE17EC426}"
EndProject
Project("{FAE04EC0-301F-11D3-BF4B-00C04F79EFBC}") = "Turbine.Consumer.SimSinter", "..\Master\Turbine.Consumer.SimSinter\Turbine.Consumer.SimSinter.csproj", "{B0EEF272-C513-4C91-98DB-045AF4A6672C}"
EndProject
Project("{FAE04EC0-301F-11D3-BF4B-00C04F79EFBC}") = "Turbine.Consumer.AspenTech", "..\Master\Turbine.Consumer.AspenTech\Turbine.Consumer.AspenTech.csproj", "{21D3C04F-6FC7-40F7-9F78-4D35CF9B0783}"
EndProject
Project("{FAE04EC0-301F-11D3-BF4B-00C04F79EFBC}") = "Turbine.Consumer.Console", "..\Master\Turbine.Consumer.Console\Turbine.Consumer.Console.csproj", "{C8F14943-5922-4682-868F-6B4E496527EB}"
EndProject
Project("{FAE04EC0-301F-11D3-BF4B-00C04F79EFBC}") = "TurbineLiteProducerIntegrationTest", "..\Master\TurbineLiteProducerIntegrationTest\TurbineLiteProducerIntegrationTest.csproj", "{135F6C54-A007-49C2-8AD8-B8D9047935C3}"
EndProject
Project("{FAE04EC0-301F-11D3-BF4B-00C04F79EFBC}") = "AspenSinterConsumerWindowsService", "..\Master\AspenSinterConsumerWindowsService\AspenSinterConsumerWindowsService.csproj", "{3D016C6B-8F47-482B-A623-A2B8ED8C832D}"
EndProject
Project("{FAE04EC0-301F-11D3-BF4B-00C04F79EFBC}") = "SelfManagedWebApplicationWindowsService", "..\Master\SelfManagedWebApplicationWindowsService\SelfManagedWebApplicationWindowsService.csproj", "{4259B819-0113-46C1-974B-1A32A999EE5F}"
EndProject
Project("{FAE04EC0-301F-11D3-BF4B-00C04F79EFBC}") = "ExcelSinterConsumerConsole", "..\Master\ExcelSinterConsumerConsole\ExcelSinterConsumerConsole.csproj", "{6CA6A07E-022B-4044-9DC7-C489E261DBC0}"
EndProject
Project("{FAE04EC0-301F-11D3-BF4B-00C04F79EFBC}") = "ExcelSinterConsumerWindowsService", "..\Master\ExcelSinterConsumerWindowsService\ExcelSinterConsumerWindowsService.csproj", "{99EE0832-C4AF-483A-AF3E-01BA65335C8D}"
EndProject
Project("{FAE04EC0-301F-11D3-BF4B-00C04F79EFBC}") = "Turbine.Consumer.Excel", "..\Master\Turbine.Consumer.Excel\Turbine.Consumer.Excel.csproj", "{C8B76D2A-9AF5-48EC-8C34-380626FE42D6}"
EndProject
Project("{2150E333-8FDC-42A3-9474-1A3956D46DE8}") = "aspen7.3", "aspen7.3", "{85494251-E860-4B92-9D77-02A3F7B55503}"
EndProject
Project("{FAE04EC0-301F-11D3-BF4B-00C04F79EFBC}") = "Turbine.Consumer.AspenTech7.3", "..\Master\Turbine.Consumer.AspenTech7.3\Turbine.Consumer.AspenTech7.3.csproj", "{83D745CC-2CA4-4B15-BE02-B57AF5550D86}"
EndProject
Project("{FAE04EC0-301F-11D3-BF4B-00C04F79EFBC}") = "SinterIntegrationTest", "..\Master\SinterIntegrationTest\SinterIntegrationTest.csproj", "{879FD991-DEE4-49CB-B7B0-A6A54A8C4C32}"
EndProject
Project("{FAE04EC0-301F-11D3-BF4B-00C04F79EFBC}") = "Sinter_Aspen73_IntegrationTest", "..\Master\Sinter_Aspen73_IntegrationTest\Sinter_Aspen73_IntegrationTest.csproj", "{E323F4C6-A486-457B-BD45-A09AE244E818}"
EndProject
Project("{FAE04EC0-301F-11D3-BF4B-00C04F79EFBC}") = "AspenSinter73ConsumerConsole", "..\Master\AspenSinter73ConsumerConsole\AspenSinter73ConsumerConsole.csproj", "{99DCE147-39CB-442E-A56E-6AEDB7A2F539}"
EndProject
Project("{FAE04EC0-301F-11D3-BF4B-00C04F79EFBC}") = "AspenSinter73ConsumerWindowsService", "..\Master\AspenSinter73ConsumerWindowsService\AspenSinter73ConsumerWindowsService.csproj", "{410653E3-DE85-4731-809A-8E695EAC4A2F}"
EndProject
Project("{FAE04EC0-301F-11D3-BF4B-00C04F79EFBC}") = "TurbineLiteConsumerIntegrationTest", "..\Master\TurbineLiteConsumerIntegrationTest\TurbineLiteConsumerIntegrationTest.csproj", "{758DCFE3-FB9A-40CA-9996-4085689B5719}"
EndProject
Project("{FAE04EC0-301F-11D3-BF4B-00C04F79EFBC}") = "Turbine.Consumer.GProms", "..\Master\Turbine.Consumer.GProms\Turbine.Consumer.GProms.csproj", "{0EE769E3-7C0F-431A-A40A-BD97111A4AFF}"
EndProject
Project("{FAE04EC0-301F-11D3-BF4B-00C04F79EFBC}") = "GPromsSinterConsumerConsole", "..\Master\GPromsSinterConsumerConsole\GPromsSinterConsumerConsole.csproj", "{235629AC-26C1-46A1-8ADF-37BCE26A3F68}"
EndProject
Project("{FAE04EC0-301F-11D3-BF4B-00C04F79EFBC}") = "GPromsSinterConsumerWindowsService", "..\Master\GPromsSinterConsumerWindowsService\GPromsSinterConsumerWindowsService.csproj", "{747933AE-0C39-4B9F-9511-CA4080753E9C}"
EndProject
Global
	GlobalSection(SolutionConfigurationPlatforms) = preSolution
		Debug|Any CPU = Debug|Any CPU
		Debug|Mixed Platforms = Debug|Mixed Platforms
		Debug|x86 = Debug|x86
		Release|Any CPU = Release|Any CPU
		Release|Mixed Platforms = Release|Mixed Platforms
		Release|x86 = Release|x86
	EndGlobalSection
	GlobalSection(ProjectConfigurationPlatforms) = postSolution
		{F4F8A43A-8F52-4216-9E5B-E03BCF5D50A8}.Debug|Any CPU.ActiveCfg = Debug|Any CPU
		{F4F8A43A-8F52-4216-9E5B-E03BCF5D50A8}.Debug|Any CPU.Build.0 = Debug|Any CPU
		{F4F8A43A-8F52-4216-9E5B-E03BCF5D50A8}.Debug|Mixed Platforms.ActiveCfg = Debug|Any CPU
		{F4F8A43A-8F52-4216-9E5B-E03BCF5D50A8}.Debug|Mixed Platforms.Build.0 = Debug|Any CPU
		{F4F8A43A-8F52-4216-9E5B-E03BCF5D50A8}.Debug|x86.ActiveCfg = Debug|Any CPU
		{F4F8A43A-8F52-4216-9E5B-E03BCF5D50A8}.Release|Any CPU.ActiveCfg = Release|Any CPU
		{F4F8A43A-8F52-4216-9E5B-E03BCF5D50A8}.Release|Any CPU.Build.0 = Release|Any CPU
		{F4F8A43A-8F52-4216-9E5B-E03BCF5D50A8}.Release|Mixed Platforms.ActiveCfg = Release|Any CPU
		{F4F8A43A-8F52-4216-9E5B-E03BCF5D50A8}.Release|Mixed Platforms.Build.0 = Release|Any CPU
		{F4F8A43A-8F52-4216-9E5B-E03BCF5D50A8}.Release|x86.ActiveCfg = Release|Any CPU
		{7C0FA46A-937D-44E0-AD71-D96F383FA4CA}.Debug|Any CPU.ActiveCfg = Debug|Any CPU
		{7C0FA46A-937D-44E0-AD71-D96F383FA4CA}.Debug|Any CPU.Build.0 = Debug|Any CPU
		{7C0FA46A-937D-44E0-AD71-D96F383FA4CA}.Debug|Mixed Platforms.ActiveCfg = Debug|Any CPU
		{7C0FA46A-937D-44E0-AD71-D96F383FA4CA}.Debug|Mixed Platforms.Build.0 = Debug|Any CPU
		{7C0FA46A-937D-44E0-AD71-D96F383FA4CA}.Debug|x86.ActiveCfg = Debug|Any CPU
		{7C0FA46A-937D-44E0-AD71-D96F383FA4CA}.Release|Any CPU.ActiveCfg = Release|Any CPU
		{7C0FA46A-937D-44E0-AD71-D96F383FA4CA}.Release|Any CPU.Build.0 = Release|Any CPU
		{7C0FA46A-937D-44E0-AD71-D96F383FA4CA}.Release|Mixed Platforms.ActiveCfg = Release|Any CPU
		{7C0FA46A-937D-44E0-AD71-D96F383FA4CA}.Release|Mixed Platforms.Build.0 = Release|Any CPU
		{7C0FA46A-937D-44E0-AD71-D96F383FA4CA}.Release|x86.ActiveCfg = Release|Any CPU
		{3EA3A2A9-ED28-4CDD-84BE-11A65B68834F}.Debug|Any CPU.ActiveCfg = Debug|Any CPU
		{3EA3A2A9-ED28-4CDD-84BE-11A65B68834F}.Debug|Any CPU.Build.0 = Debug|Any CPU
		{3EA3A2A9-ED28-4CDD-84BE-11A65B68834F}.Debug|Mixed Platforms.ActiveCfg = Debug|Any CPU
		{3EA3A2A9-ED28-4CDD-84BE-11A65B68834F}.Debug|Mixed Platforms.Build.0 = Debug|Any CPU
		{3EA3A2A9-ED28-4CDD-84BE-11A65B68834F}.Debug|x86.ActiveCfg = Debug|Any CPU
		{3EA3A2A9-ED28-4CDD-84BE-11A65B68834F}.Release|Any CPU.ActiveCfg = Release|Any CPU
		{3EA3A2A9-ED28-4CDD-84BE-11A65B68834F}.Release|Any CPU.Build.0 = Release|Any CPU
		{3EA3A2A9-ED28-4CDD-84BE-11A65B68834F}.Release|Mixed Platforms.ActiveCfg = Release|Any CPU
		{3EA3A2A9-ED28-4CDD-84BE-11A65B68834F}.Release|Mixed Platforms.Build.0 = Release|Any CPU
		{3EA3A2A9-ED28-4CDD-84BE-11A65B68834F}.Release|x86.ActiveCfg = Release|Any CPU
		{06490331-48AF-4DBE-AEA0-75BF65868B90}.Debug|Any CPU.ActiveCfg = Debug|Any CPU
		{06490331-48AF-4DBE-AEA0-75BF65868B90}.Debug|Any CPU.Build.0 = Debug|Any CPU
		{06490331-48AF-4DBE-AEA0-75BF65868B90}.Debug|Mixed Platforms.ActiveCfg = Debug|Any CPU
		{06490331-48AF-4DBE-AEA0-75BF65868B90}.Debug|Mixed Platforms.Build.0 = Debug|Any CPU
		{06490331-48AF-4DBE-AEA0-75BF65868B90}.Debug|x86.ActiveCfg = Debug|Any CPU
		{06490331-48AF-4DBE-AEA0-75BF65868B90}.Release|Any CPU.ActiveCfg = Release|Any CPU
		{06490331-48AF-4DBE-AEA0-75BF65868B90}.Release|Any CPU.Build.0 = Release|Any CPU
		{06490331-48AF-4DBE-AEA0-75BF65868B90}.Release|Mixed Platforms.ActiveCfg = Release|Any CPU
		{06490331-48AF-4DBE-AEA0-75BF65868B90}.Release|Mixed Platforms.Build.0 = Release|Any CPU
		{06490331-48AF-4DBE-AEA0-75BF65868B90}.Release|x86.ActiveCfg = Release|Any CPU
		{FCC0496B-3C87-4030-8630-2A3A08181408}.Debug|Any CPU.ActiveCfg = Debug|Any CPU
		{FCC0496B-3C87-4030-8630-2A3A08181408}.Debug|Any CPU.Build.0 = Debug|Any CPU
		{FCC0496B-3C87-4030-8630-2A3A08181408}.Debug|Mixed Platforms.ActiveCfg = Debug|Any CPU
		{FCC0496B-3C87-4030-8630-2A3A08181408}.Debug|Mixed Platforms.Build.0 = Debug|Any CPU
		{FCC0496B-3C87-4030-8630-2A3A08181408}.Debug|x86.ActiveCfg = Debug|Any CPU
		{FCC0496B-3C87-4030-8630-2A3A08181408}.Release|Any CPU.ActiveCfg = Release|Any CPU
		{FCC0496B-3C87-4030-8630-2A3A08181408}.Release|Any CPU.Build.0 = Release|Any CPU
		{FCC0496B-3C87-4030-8630-2A3A08181408}.Release|Mixed Platforms.ActiveCfg = Release|Any CPU
		{FCC0496B-3C87-4030-8630-2A3A08181408}.Release|Mixed Platforms.Build.0 = Release|Any CPU
		{FCC0496B-3C87-4030-8630-2A3A08181408}.Release|x86.ActiveCfg = Release|Any CPU
		{ABCCE275-0025-4532-8F4A-75B22E3C6241}.Debug|Any CPU.ActiveCfg = Debug|Any CPU
		{ABCCE275-0025-4532-8F4A-75B22E3C6241}.Debug|Any CPU.Build.0 = Debug|Any CPU
		{ABCCE275-0025-4532-8F4A-75B22E3C6241}.Debug|Mixed Platforms.ActiveCfg = Debug|Any CPU
		{ABCCE275-0025-4532-8F4A-75B22E3C6241}.Debug|Mixed Platforms.Build.0 = Debug|Any CPU
		{ABCCE275-0025-4532-8F4A-75B22E3C6241}.Debug|x86.ActiveCfg = Debug|Any CPU
		{ABCCE275-0025-4532-8F4A-75B22E3C6241}.Release|Any CPU.ActiveCfg = Release|Any CPU
		{ABCCE275-0025-4532-8F4A-75B22E3C6241}.Release|Any CPU.Build.0 = Release|Any CPU
		{ABCCE275-0025-4532-8F4A-75B22E3C6241}.Release|Mixed Platforms.ActiveCfg = Release|Any CPU
		{ABCCE275-0025-4532-8F4A-75B22E3C6241}.Release|Mixed Platforms.Build.0 = Release|Any CPU
		{ABCCE275-0025-4532-8F4A-75B22E3C6241}.Release|x86.ActiveCfg = Release|Any CPU
		{FF91C81D-45E4-414D-96A2-A8E35CD353EE}.Debug|Any CPU.ActiveCfg = Debug|Any CPU
		{FF91C81D-45E4-414D-96A2-A8E35CD353EE}.Debug|Any CPU.Build.0 = Debug|Any CPU
		{FF91C81D-45E4-414D-96A2-A8E35CD353EE}.Debug|Mixed Platforms.ActiveCfg = Debug|Any CPU
		{FF91C81D-45E4-414D-96A2-A8E35CD353EE}.Debug|Mixed Platforms.Build.0 = Debug|Any CPU
		{FF91C81D-45E4-414D-96A2-A8E35CD353EE}.Debug|x86.ActiveCfg = Debug|Any CPU
		{FF91C81D-45E4-414D-96A2-A8E35CD353EE}.Release|Any CPU.ActiveCfg = Release|Any CPU
		{FF91C81D-45E4-414D-96A2-A8E35CD353EE}.Release|Any CPU.Build.0 = Release|Any CPU
		{FF91C81D-45E4-414D-96A2-A8E35CD353EE}.Release|Mixed Platforms.ActiveCfg = Release|Any CPU
		{FF91C81D-45E4-414D-96A2-A8E35CD353EE}.Release|Mixed Platforms.Build.0 = Release|Any CPU
		{FF91C81D-45E4-414D-96A2-A8E35CD353EE}.Release|x86.ActiveCfg = Release|Any CPU
		{8608F337-91A1-4260-8A2D-CE7EF0CA45B8}.Debug|Any CPU.ActiveCfg = Debug|Any CPU
		{8608F337-91A1-4260-8A2D-CE7EF0CA45B8}.Debug|Any CPU.Build.0 = Debug|Any CPU
		{8608F337-91A1-4260-8A2D-CE7EF0CA45B8}.Debug|Mixed Platforms.ActiveCfg = Debug|Any CPU
		{8608F337-91A1-4260-8A2D-CE7EF0CA45B8}.Debug|Mixed Platforms.Build.0 = Debug|Any CPU
		{8608F337-91A1-4260-8A2D-CE7EF0CA45B8}.Debug|x86.ActiveCfg = Debug|Any CPU
		{8608F337-91A1-4260-8A2D-CE7EF0CA45B8}.Release|Any CPU.ActiveCfg = Release|Any CPU
		{8608F337-91A1-4260-8A2D-CE7EF0CA45B8}.Release|Any CPU.Build.0 = Release|Any CPU
		{8608F337-91A1-4260-8A2D-CE7EF0CA45B8}.Release|Mixed Platforms.ActiveCfg = Release|Any CPU
		{8608F337-91A1-4260-8A2D-CE7EF0CA45B8}.Release|Mixed Platforms.Build.0 = Release|Any CPU
		{8608F337-91A1-4260-8A2D-CE7EF0CA45B8}.Release|x86.ActiveCfg = Release|Any CPU
		{F6E67385-2EBD-412A-A31C-9920610EEA1E}.Debug|Any CPU.ActiveCfg = Debug|Any CPU
		{F6E67385-2EBD-412A-A31C-9920610EEA1E}.Debug|Any CPU.Build.0 = Debug|Any CPU
		{F6E67385-2EBD-412A-A31C-9920610EEA1E}.Debug|Mixed Platforms.ActiveCfg = Debug|Any CPU
		{F6E67385-2EBD-412A-A31C-9920610EEA1E}.Debug|Mixed Platforms.Build.0 = Debug|Any CPU
		{F6E67385-2EBD-412A-A31C-9920610EEA1E}.Debug|x86.ActiveCfg = Debug|Any CPU
		{F6E67385-2EBD-412A-A31C-9920610EEA1E}.Release|Any CPU.ActiveCfg = Release|Any CPU
		{F6E67385-2EBD-412A-A31C-9920610EEA1E}.Release|Any CPU.Build.0 = Release|Any CPU
		{F6E67385-2EBD-412A-A31C-9920610EEA1E}.Release|Mixed Platforms.ActiveCfg = Release|Any CPU
		{F6E67385-2EBD-412A-A31C-9920610EEA1E}.Release|Mixed Platforms.Build.0 = Release|Any CPU
		{F6E67385-2EBD-412A-A31C-9920610EEA1E}.Release|x86.ActiveCfg = Release|Any CPU
		{3E1B9548-A8BC-43D4-9ECB-37D4DE916F43}.Debug|Any CPU.ActiveCfg = Debug|Any CPU
		{3E1B9548-A8BC-43D4-9ECB-37D4DE916F43}.Debug|Any CPU.Build.0 = Debug|Any CPU
		{3E1B9548-A8BC-43D4-9ECB-37D4DE916F43}.Debug|Mixed Platforms.ActiveCfg = Debug|Any CPU
		{3E1B9548-A8BC-43D4-9ECB-37D4DE916F43}.Debug|Mixed Platforms.Build.0 = Debug|Any CPU
		{3E1B9548-A8BC-43D4-9ECB-37D4DE916F43}.Debug|x86.ActiveCfg = Debug|Any CPU
		{3E1B9548-A8BC-43D4-9ECB-37D4DE916F43}.Release|Any CPU.ActiveCfg = Release|Any CPU
		{3E1B9548-A8BC-43D4-9ECB-37D4DE916F43}.Release|Any CPU.Build.0 = Release|Any CPU
		{3E1B9548-A8BC-43D4-9ECB-37D4DE916F43}.Release|Mixed Platforms.ActiveCfg = Release|Any CPU
		{3E1B9548-A8BC-43D4-9ECB-37D4DE916F43}.Release|Mixed Platforms.Build.0 = Release|Any CPU
		{3E1B9548-A8BC-43D4-9ECB-37D4DE916F43}.Release|x86.ActiveCfg = Release|Any CPU
		{FF6504D8-FEDB-4807-AC29-F456B157BC5A}.Debug|Any CPU.ActiveCfg = Debug|Any CPU
		{FF6504D8-FEDB-4807-AC29-F456B157BC5A}.Debug|Any CPU.Build.0 = Debug|Any CPU
		{FF6504D8-FEDB-4807-AC29-F456B157BC5A}.Debug|Mixed Platforms.ActiveCfg = Debug|Any CPU
		{FF6504D8-FEDB-4807-AC29-F456B157BC5A}.Debug|Mixed Platforms.Build.0 = Debug|Any CPU
		{FF6504D8-FEDB-4807-AC29-F456B157BC5A}.Debug|x86.ActiveCfg = Debug|Any CPU
		{FF6504D8-FEDB-4807-AC29-F456B157BC5A}.Release|Any CPU.ActiveCfg = Release|Any CPU
		{FF6504D8-FEDB-4807-AC29-F456B157BC5A}.Release|Any CPU.Build.0 = Release|Any CPU
		{FF6504D8-FEDB-4807-AC29-F456B157BC5A}.Release|Mixed Platforms.ActiveCfg = Release|Any CPU
		{FF6504D8-FEDB-4807-AC29-F456B157BC5A}.Release|Mixed Platforms.Build.0 = Release|Any CPU
		{FF6504D8-FEDB-4807-AC29-F456B157BC5A}.Release|x86.ActiveCfg = Release|Any CPU
		{BCB53D56-20A1-49F9-A9C0-49229529C77C}.Debug|Any CPU.ActiveCfg = Debug|Any CPU
		{BCB53D56-20A1-49F9-A9C0-49229529C77C}.Debug|Any CPU.Build.0 = Debug|Any CPU
		{BCB53D56-20A1-49F9-A9C0-49229529C77C}.Debug|Mixed Platforms.ActiveCfg = Debug|Any CPU
		{BCB53D56-20A1-49F9-A9C0-49229529C77C}.Debug|Mixed Platforms.Build.0 = Debug|Any CPU
		{BCB53D56-20A1-49F9-A9C0-49229529C77C}.Debug|x86.ActiveCfg = Debug|Any CPU
		{BCB53D56-20A1-49F9-A9C0-49229529C77C}.Release|Any CPU.ActiveCfg = Release|Any CPU
		{BCB53D56-20A1-49F9-A9C0-49229529C77C}.Release|Any CPU.Build.0 = Release|Any CPU
		{BCB53D56-20A1-49F9-A9C0-49229529C77C}.Release|Mixed Platforms.ActiveCfg = Release|Any CPU
		{BCB53D56-20A1-49F9-A9C0-49229529C77C}.Release|Mixed Platforms.Build.0 = Release|Any CPU
		{BCB53D56-20A1-49F9-A9C0-49229529C77C}.Release|x86.ActiveCfg = Release|Any CPU
		{0866F140-3BD7-4AA3-9B1C-7096B6721D99}.Debug|Any CPU.ActiveCfg = Debug|Any CPU
		{0866F140-3BD7-4AA3-9B1C-7096B6721D99}.Debug|Any CPU.Build.0 = Debug|Any CPU
		{0866F140-3BD7-4AA3-9B1C-7096B6721D99}.Debug|Mixed Platforms.ActiveCfg = Debug|Any CPU
		{0866F140-3BD7-4AA3-9B1C-7096B6721D99}.Debug|Mixed Platforms.Build.0 = Debug|Any CPU
		{0866F140-3BD7-4AA3-9B1C-7096B6721D99}.Debug|x86.ActiveCfg = Debug|Any CPU
		{0866F140-3BD7-4AA3-9B1C-7096B6721D99}.Release|Any CPU.ActiveCfg = Release|Any CPU
		{0866F140-3BD7-4AA3-9B1C-7096B6721D99}.Release|Any CPU.Build.0 = Release|Any CPU
		{0866F140-3BD7-4AA3-9B1C-7096B6721D99}.Release|Mixed Platforms.ActiveCfg = Release|Any CPU
		{0866F140-3BD7-4AA3-9B1C-7096B6721D99}.Release|Mixed Platforms.Build.0 = Release|Any CPU
		{0866F140-3BD7-4AA3-9B1C-7096B6721D99}.Release|x86.ActiveCfg = Release|Any CPU
		{F992559E-6820-4341-A489-1AF82F9FC8A5}.Debug|Any CPU.ActiveCfg = Debug|Any CPU
		{F992559E-6820-4341-A489-1AF82F9FC8A5}.Debug|Any CPU.Build.0 = Debug|Any CPU
		{F992559E-6820-4341-A489-1AF82F9FC8A5}.Debug|Mixed Platforms.ActiveCfg = Debug|Any CPU
		{F992559E-6820-4341-A489-1AF82F9FC8A5}.Debug|Mixed Platforms.Build.0 = Debug|Any CPU
		{F992559E-6820-4341-A489-1AF82F9FC8A5}.Debug|x86.ActiveCfg = Debug|Any CPU
		{F992559E-6820-4341-A489-1AF82F9FC8A5}.Release|Any CPU.ActiveCfg = Release|Any CPU
		{F992559E-6820-4341-A489-1AF82F9FC8A5}.Release|Any CPU.Build.0 = Release|Any CPU
		{F992559E-6820-4341-A489-1AF82F9FC8A5}.Release|Mixed Platforms.ActiveCfg = Release|Any CPU
		{F992559E-6820-4341-A489-1AF82F9FC8A5}.Release|Mixed Platforms.Build.0 = Release|Any CPU
		{F992559E-6820-4341-A489-1AF82F9FC8A5}.Release|x86.ActiveCfg = Release|Any CPU
		{20973A51-D353-4F60-802C-7AD3A50989F2}.Debug|Any CPU.ActiveCfg = Debug|Any CPU
		{20973A51-D353-4F60-802C-7AD3A50989F2}.Debug|Any CPU.Build.0 = Debug|Any CPU
		{20973A51-D353-4F60-802C-7AD3A50989F2}.Debug|Mixed Platforms.ActiveCfg = Debug|Any CPU
		{20973A51-D353-4F60-802C-7AD3A50989F2}.Debug|Mixed Platforms.Build.0 = Debug|Any CPU
		{20973A51-D353-4F60-802C-7AD3A50989F2}.Debug|x86.ActiveCfg = Debug|Any CPU
		{20973A51-D353-4F60-802C-7AD3A50989F2}.Release|Any CPU.ActiveCfg = Release|Any CPU
		{20973A51-D353-4F60-802C-7AD3A50989F2}.Release|Any CPU.Build.0 = Release|Any CPU
		{20973A51-D353-4F60-802C-7AD3A50989F2}.Release|Mixed Platforms.ActiveCfg = Release|Any CPU
		{20973A51-D353-4F60-802C-7AD3A50989F2}.Release|Mixed Platforms.Build.0 = Release|Any CPU
		{20973A51-D353-4F60-802C-7AD3A50989F2}.Release|x86.ActiveCfg = Release|Any CPU
		{3FF93C52-D576-4E80-81A4-AEBFD7F1F4FC}.Debug|Any CPU.ActiveCfg = Debug|Any CPU
		{3FF93C52-D576-4E80-81A4-AEBFD7F1F4FC}.Debug|Any CPU.Build.0 = Debug|Any CPU
		{3FF93C52-D576-4E80-81A4-AEBFD7F1F4FC}.Debug|Mixed Platforms.ActiveCfg = Debug|Any CPU
		{3FF93C52-D576-4E80-81A4-AEBFD7F1F4FC}.Debug|Mixed Platforms.Build.0 = Debug|Any CPU
		{3FF93C52-D576-4E80-81A4-AEBFD7F1F4FC}.Debug|x86.ActiveCfg = Debug|Any CPU
		{3FF93C52-D576-4E80-81A4-AEBFD7F1F4FC}.Release|Any CPU.ActiveCfg = Release|Any CPU
		{3FF93C52-D576-4E80-81A4-AEBFD7F1F4FC}.Release|Any CPU.Build.0 = Release|Any CPU
		{3FF93C52-D576-4E80-81A4-AEBFD7F1F4FC}.Release|Mixed Platforms.ActiveCfg = Release|Any CPU
		{3FF93C52-D576-4E80-81A4-AEBFD7F1F4FC}.Release|Mixed Platforms.Build.0 = Release|Any CPU
		{3FF93C52-D576-4E80-81A4-AEBFD7F1F4FC}.Release|x86.ActiveCfg = Release|Any CPU
		{7A1F5303-BC4B-4BF6-97AD-E3A524CC1971}.Debug|Any CPU.ActiveCfg = Debug|Any CPU
		{7A1F5303-BC4B-4BF6-97AD-E3A524CC1971}.Debug|Any CPU.Build.0 = Debug|Any CPU
		{7A1F5303-BC4B-4BF6-97AD-E3A524CC1971}.Debug|Mixed Platforms.ActiveCfg = Debug|Any CPU
		{7A1F5303-BC4B-4BF6-97AD-E3A524CC1971}.Debug|Mixed Platforms.Build.0 = Debug|Any CPU
		{7A1F5303-BC4B-4BF6-97AD-E3A524CC1971}.Debug|x86.ActiveCfg = Debug|Any CPU
		{7A1F5303-BC4B-4BF6-97AD-E3A524CC1971}.Release|Any CPU.ActiveCfg = Release|Any CPU
		{7A1F5303-BC4B-4BF6-97AD-E3A524CC1971}.Release|Any CPU.Build.0 = Release|Any CPU
		{7A1F5303-BC4B-4BF6-97AD-E3A524CC1971}.Release|Mixed Platforms.ActiveCfg = Release|Any CPU
		{7A1F5303-BC4B-4BF6-97AD-E3A524CC1971}.Release|Mixed Platforms.Build.0 = Release|Any CPU
		{7A1F5303-BC4B-4BF6-97AD-E3A524CC1971}.Release|x86.ActiveCfg = Release|Any CPU
		{1B88C188-9959-4C0C-943E-A16DE4278B3D}.Debug|Any CPU.ActiveCfg = Debug|x86
		{1B88C188-9959-4C0C-943E-A16DE4278B3D}.Debug|Mixed Platforms.ActiveCfg = Debug|x86
		{1B88C188-9959-4C0C-943E-A16DE4278B3D}.Debug|Mixed Platforms.Build.0 = Debug|x86
		{1B88C188-9959-4C0C-943E-A16DE4278B3D}.Debug|x86.ActiveCfg = Debug|x86
		{1B88C188-9959-4C0C-943E-A16DE4278B3D}.Debug|x86.Build.0 = Debug|x86
		{1B88C188-9959-4C0C-943E-A16DE4278B3D}.Release|Any CPU.ActiveCfg = Release|x86
		{1B88C188-9959-4C0C-943E-A16DE4278B3D}.Release|Mixed Platforms.ActiveCfg = Release|x86
		{1B88C188-9959-4C0C-943E-A16DE4278B3D}.Release|Mixed Platforms.Build.0 = Release|x86
		{1B88C188-9959-4C0C-943E-A16DE4278B3D}.Release|x86.ActiveCfg = Release|x86
		{1B88C188-9959-4C0C-943E-A16DE4278B3D}.Release|x86.Build.0 = Release|x86
		{A5CBDA7E-0AB4-4C24-BD4C-FF8D6B24E5C7}.Debug|Any CPU.ActiveCfg = Debug|x86
		{A5CBDA7E-0AB4-4C24-BD4C-FF8D6B24E5C7}.Debug|Mixed Platforms.ActiveCfg = Debug|x86
		{A5CBDA7E-0AB4-4C24-BD4C-FF8D6B24E5C7}.Debug|Mixed Platforms.Build.0 = Debug|x86
		{A5CBDA7E-0AB4-4C24-BD4C-FF8D6B24E5C7}.Debug|x86.ActiveCfg = Debug|x86
		{A5CBDA7E-0AB4-4C24-BD4C-FF8D6B24E5C7}.Debug|x86.Build.0 = Debug|x86
		{A5CBDA7E-0AB4-4C24-BD4C-FF8D6B24E5C7}.Release|Any CPU.ActiveCfg = Release|x86
		{A5CBDA7E-0AB4-4C24-BD4C-FF8D6B24E5C7}.Release|Mixed Platforms.ActiveCfg = Release|x86
		{A5CBDA7E-0AB4-4C24-BD4C-FF8D6B24E5C7}.Release|Mixed Platforms.Build.0 = Release|x86
		{A5CBDA7E-0AB4-4C24-BD4C-FF8D6B24E5C7}.Release|x86.ActiveCfg = Release|x86
		{A5CBDA7E-0AB4-4C24-BD4C-FF8D6B24E5C7}.Release|x86.Build.0 = Release|x86
		{19A9B3B9-DC75-4A2D-B2AE-C0ABE17EC426}.Debug|Any CPU.ActiveCfg = Debug|x86
		{19A9B3B9-DC75-4A2D-B2AE-C0ABE17EC426}.Debug|Mixed Platforms.ActiveCfg = Debug|x86
		{19A9B3B9-DC75-4A2D-B2AE-C0ABE17EC426}.Debug|Mixed Platforms.Build.0 = Debug|x86
		{19A9B3B9-DC75-4A2D-B2AE-C0ABE17EC426}.Debug|x86.ActiveCfg = Debug|x86
		{19A9B3B9-DC75-4A2D-B2AE-C0ABE17EC426}.Debug|x86.Build.0 = Debug|x86
		{19A9B3B9-DC75-4A2D-B2AE-C0ABE17EC426}.Release|Any CPU.ActiveCfg = Release|x86
		{19A9B3B9-DC75-4A2D-B2AE-C0ABE17EC426}.Release|Mixed Platforms.ActiveCfg = Release|x86
		{19A9B3B9-DC75-4A2D-B2AE-C0ABE17EC426}.Release|Mixed Platforms.Build.0 = Release|x86
		{19A9B3B9-DC75-4A2D-B2AE-C0ABE17EC426}.Release|x86.ActiveCfg = Release|x86
		{19A9B3B9-DC75-4A2D-B2AE-C0ABE17EC426}.Release|x86.Build.0 = Release|x86
		{B0EEF272-C513-4C91-98DB-045AF4A6672C}.Debug|Any CPU.ActiveCfg = Debug|Any CPU
		{B0EEF272-C513-4C91-98DB-045AF4A6672C}.Debug|Any CPU.Build.0 = Debug|Any CPU
		{B0EEF272-C513-4C91-98DB-045AF4A6672C}.Debug|Mixed Platforms.ActiveCfg = Debug|Any CPU
		{B0EEF272-C513-4C91-98DB-045AF4A6672C}.Debug|Mixed Platforms.Build.0 = Debug|Any CPU
		{B0EEF272-C513-4C91-98DB-045AF4A6672C}.Debug|x86.ActiveCfg = Debug|Any CPU
		{B0EEF272-C513-4C91-98DB-045AF4A6672C}.Release|Any CPU.ActiveCfg = Release|Any CPU
		{B0EEF272-C513-4C91-98DB-045AF4A6672C}.Release|Any CPU.Build.0 = Release|Any CPU
		{B0EEF272-C513-4C91-98DB-045AF4A6672C}.Release|Mixed Platforms.ActiveCfg = Release|Any CPU
		{B0EEF272-C513-4C91-98DB-045AF4A6672C}.Release|Mixed Platforms.Build.0 = Release|Any CPU
		{B0EEF272-C513-4C91-98DB-045AF4A6672C}.Release|x86.ActiveCfg = Release|Any CPU
		{21D3C04F-6FC7-40F7-9F78-4D35CF9B0783}.Debug|Any CPU.ActiveCfg = Debug|Any CPU
		{21D3C04F-6FC7-40F7-9F78-4D35CF9B0783}.Debug|Any CPU.Build.0 = Debug|Any CPU
		{21D3C04F-6FC7-40F7-9F78-4D35CF9B0783}.Debug|Mixed Platforms.ActiveCfg = Debug|Any CPU
		{21D3C04F-6FC7-40F7-9F78-4D35CF9B0783}.Debug|Mixed Platforms.Build.0 = Debug|Any CPU
		{21D3C04F-6FC7-40F7-9F78-4D35CF9B0783}.Debug|x86.ActiveCfg = Debug|Any CPU
		{21D3C04F-6FC7-40F7-9F78-4D35CF9B0783}.Release|Any CPU.ActiveCfg = Release|Any CPU
		{21D3C04F-6FC7-40F7-9F78-4D35CF9B0783}.Release|Any CPU.Build.0 = Release|Any CPU
		{21D3C04F-6FC7-40F7-9F78-4D35CF9B0783}.Release|Mixed Platforms.ActiveCfg = Release|Any CPU
		{21D3C04F-6FC7-40F7-9F78-4D35CF9B0783}.Release|Mixed Platforms.Build.0 = Release|Any CPU
		{21D3C04F-6FC7-40F7-9F78-4D35CF9B0783}.Release|x86.ActiveCfg = Release|Any CPU
		{C8F14943-5922-4682-868F-6B4E496527EB}.Debug|Any CPU.ActiveCfg = Debug|Any CPU
		{C8F14943-5922-4682-868F-6B4E496527EB}.Debug|Any CPU.Build.0 = Debug|Any CPU
		{C8F14943-5922-4682-868F-6B4E496527EB}.Debug|Mixed Platforms.ActiveCfg = Debug|Any CPU
		{C8F14943-5922-4682-868F-6B4E496527EB}.Debug|Mixed Platforms.Build.0 = Debug|Any CPU
		{C8F14943-5922-4682-868F-6B4E496527EB}.Debug|x86.ActiveCfg = Debug|Any CPU
		{C8F14943-5922-4682-868F-6B4E496527EB}.Release|Any CPU.ActiveCfg = Release|Any CPU
		{C8F14943-5922-4682-868F-6B4E496527EB}.Release|Any CPU.Build.0 = Release|Any CPU
		{C8F14943-5922-4682-868F-6B4E496527EB}.Release|Mixed Platforms.ActiveCfg = Release|Any CPU
		{C8F14943-5922-4682-868F-6B4E496527EB}.Release|Mixed Platforms.Build.0 = Release|Any CPU
		{C8F14943-5922-4682-868F-6B4E496527EB}.Release|x86.ActiveCfg = Release|Any CPU
		{135F6C54-A007-49C2-8AD8-B8D9047935C3}.Debug|Any CPU.ActiveCfg = Debug|Any CPU
		{135F6C54-A007-49C2-8AD8-B8D9047935C3}.Debug|Any CPU.Build.0 = Debug|Any CPU
		{135F6C54-A007-49C2-8AD8-B8D9047935C3}.Debug|Mixed Platforms.ActiveCfg = Debug|Any CPU
		{135F6C54-A007-49C2-8AD8-B8D9047935C3}.Debug|Mixed Platforms.Build.0 = Debug|Any CPU
		{135F6C54-A007-49C2-8AD8-B8D9047935C3}.Debug|x86.ActiveCfg = Debug|Any CPU
		{135F6C54-A007-49C2-8AD8-B8D9047935C3}.Release|Any CPU.ActiveCfg = Release|Any CPU
		{135F6C54-A007-49C2-8AD8-B8D9047935C3}.Release|Any CPU.Build.0 = Release|Any CPU
		{135F6C54-A007-49C2-8AD8-B8D9047935C3}.Release|Mixed Platforms.ActiveCfg = Release|Any CPU
		{135F6C54-A007-49C2-8AD8-B8D9047935C3}.Release|Mixed Platforms.Build.0 = Release|Any CPU
		{135F6C54-A007-49C2-8AD8-B8D9047935C3}.Release|x86.ActiveCfg = Release|Any CPU
		{3D016C6B-8F47-482B-A623-A2B8ED8C832D}.Debug|Any CPU.ActiveCfg = Debug|x86
		{3D016C6B-8F47-482B-A623-A2B8ED8C832D}.Debug|Mixed Platforms.ActiveCfg = Debug|x86
		{3D016C6B-8F47-482B-A623-A2B8ED8C832D}.Debug|Mixed Platforms.Build.0 = Debug|x86
		{3D016C6B-8F47-482B-A623-A2B8ED8C832D}.Debug|x86.ActiveCfg = Debug|x86
		{3D016C6B-8F47-482B-A623-A2B8ED8C832D}.Debug|x86.Build.0 = Debug|x86
		{3D016C6B-8F47-482B-A623-A2B8ED8C832D}.Release|Any CPU.ActiveCfg = Release|x86
		{3D016C6B-8F47-482B-A623-A2B8ED8C832D}.Release|Mixed Platforms.ActiveCfg = Release|x86
		{3D016C6B-8F47-482B-A623-A2B8ED8C832D}.Release|Mixed Platforms.Build.0 = Release|x86
		{3D016C6B-8F47-482B-A623-A2B8ED8C832D}.Release|x86.ActiveCfg = Release|x86
		{3D016C6B-8F47-482B-A623-A2B8ED8C832D}.Release|x86.Build.0 = Release|x86
		{4259B819-0113-46C1-974B-1A32A999EE5F}.Debug|Any CPU.ActiveCfg = Debug|Any CPU
		{4259B819-0113-46C1-974B-1A32A999EE5F}.Debug|Any CPU.Build.0 = Debug|Any CPU
		{4259B819-0113-46C1-974B-1A32A999EE5F}.Debug|Mixed Platforms.ActiveCfg = Debug|Any CPU
		{4259B819-0113-46C1-974B-1A32A999EE5F}.Debug|Mixed Platforms.Build.0 = Debug|Any CPU
		{4259B819-0113-46C1-974B-1A32A999EE5F}.Debug|x86.ActiveCfg = Debug|Any CPU
		{4259B819-0113-46C1-974B-1A32A999EE5F}.Release|Any CPU.ActiveCfg = Release|Any CPU
		{4259B819-0113-46C1-974B-1A32A999EE5F}.Release|Any CPU.Build.0 = Release|Any CPU
		{4259B819-0113-46C1-974B-1A32A999EE5F}.Release|Mixed Platforms.ActiveCfg = Release|Any CPU
		{4259B819-0113-46C1-974B-1A32A999EE5F}.Release|Mixed Platforms.Build.0 = Release|Any CPU
		{4259B819-0113-46C1-974B-1A32A999EE5F}.Release|x86.ActiveCfg = Release|Any CPU
		{6CA6A07E-022B-4044-9DC7-C489E261DBC0}.Debug|Any CPU.ActiveCfg = Debug|x86
		{6CA6A07E-022B-4044-9DC7-C489E261DBC0}.Debug|Mixed Platforms.ActiveCfg = Debug|x86
		{6CA6A07E-022B-4044-9DC7-C489E261DBC0}.Debug|Mixed Platforms.Build.0 = Debug|x86
		{6CA6A07E-022B-4044-9DC7-C489E261DBC0}.Debug|x86.ActiveCfg = Debug|x86
		{6CA6A07E-022B-4044-9DC7-C489E261DBC0}.Debug|x86.Build.0 = Debug|x86
		{6CA6A07E-022B-4044-9DC7-C489E261DBC0}.Release|Any CPU.ActiveCfg = Release|x86
		{6CA6A07E-022B-4044-9DC7-C489E261DBC0}.Release|Mixed Platforms.ActiveCfg = Release|x86
		{6CA6A07E-022B-4044-9DC7-C489E261DBC0}.Release|Mixed Platforms.Build.0 = Release|x86
		{6CA6A07E-022B-4044-9DC7-C489E261DBC0}.Release|x86.ActiveCfg = Release|x86
		{6CA6A07E-022B-4044-9DC7-C489E261DBC0}.Release|x86.Build.0 = Release|x86
		{99EE0832-C4AF-483A-AF3E-01BA65335C8D}.Debug|Any CPU.ActiveCfg = Debug|Any CPU
		{99EE0832-C4AF-483A-AF3E-01BA65335C8D}.Debug|Any CPU.Build.0 = Debug|Any CPU
		{99EE0832-C4AF-483A-AF3E-01BA65335C8D}.Debug|Mixed Platforms.ActiveCfg = Debug|Any CPU
		{99EE0832-C4AF-483A-AF3E-01BA65335C8D}.Debug|Mixed Platforms.Build.0 = Debug|Any CPU
		{99EE0832-C4AF-483A-AF3E-01BA65335C8D}.Debug|x86.ActiveCfg = Debug|Any CPU
		{99EE0832-C4AF-483A-AF3E-01BA65335C8D}.Release|Any CPU.ActiveCfg = Release|Any CPU
		{99EE0832-C4AF-483A-AF3E-01BA65335C8D}.Release|Any CPU.Build.0 = Release|Any CPU
		{99EE0832-C4AF-483A-AF3E-01BA65335C8D}.Release|Mixed Platforms.ActiveCfg = Release|Any CPU
		{99EE0832-C4AF-483A-AF3E-01BA65335C8D}.Release|Mixed Platforms.Build.0 = Release|Any CPU
		{99EE0832-C4AF-483A-AF3E-01BA65335C8D}.Release|x86.ActiveCfg = Release|Any CPU
		{C8B76D2A-9AF5-48EC-8C34-380626FE42D6}.Debug|Any CPU.ActiveCfg = Debug|Any CPU
		{C8B76D2A-9AF5-48EC-8C34-380626FE42D6}.Debug|Any CPU.Build.0 = Debug|Any CPU
		{C8B76D2A-9AF5-48EC-8C34-380626FE42D6}.Debug|Mixed Platforms.ActiveCfg = Debug|Any CPU
		{C8B76D2A-9AF5-48EC-8C34-380626FE42D6}.Debug|Mixed Platforms.Build.0 = Debug|Any CPU
		{C8B76D2A-9AF5-48EC-8C34-380626FE42D6}.Debug|x86.ActiveCfg = Debug|Any CPU
		{C8B76D2A-9AF5-48EC-8C34-380626FE42D6}.Release|Any CPU.ActiveCfg = Release|Any CPU
		{C8B76D2A-9AF5-48EC-8C34-380626FE42D6}.Release|Any CPU.Build.0 = Release|Any CPU
		{C8B76D2A-9AF5-48EC-8C34-380626FE42D6}.Release|Mixed Platforms.ActiveCfg = Release|Any CPU
		{C8B76D2A-9AF5-48EC-8C34-380626FE42D6}.Release|Mixed Platforms.Build.0 = Release|Any CPU
		{C8B76D2A-9AF5-48EC-8C34-380626FE42D6}.Release|x86.ActiveCfg = Release|Any CPU
		{83D745CC-2CA4-4B15-BE02-B57AF5550D86}.Debug|Any CPU.ActiveCfg = Debug|Any CPU
		{83D745CC-2CA4-4B15-BE02-B57AF5550D86}.Debug|Any CPU.Build.0 = Debug|Any CPU
		{83D745CC-2CA4-4B15-BE02-B57AF5550D86}.Debug|Mixed Platforms.ActiveCfg = Debug|Any CPU
		{83D745CC-2CA4-4B15-BE02-B57AF5550D86}.Debug|Mixed Platforms.Build.0 = Debug|Any CPU
		{83D745CC-2CA4-4B15-BE02-B57AF5550D86}.Debug|x86.ActiveCfg = Debug|Any CPU
		{83D745CC-2CA4-4B15-BE02-B57AF5550D86}.Release|Any CPU.ActiveCfg = Release|Any CPU
		{83D745CC-2CA4-4B15-BE02-B57AF5550D86}.Release|Any CPU.Build.0 = Release|Any CPU
		{83D745CC-2CA4-4B15-BE02-B57AF5550D86}.Release|Mixed Platforms.ActiveCfg = Release|Any CPU
		{83D745CC-2CA4-4B15-BE02-B57AF5550D86}.Release|Mixed Platforms.Build.0 = Release|Any CPU
		{83D745CC-2CA4-4B15-BE02-B57AF5550D86}.Release|x86.ActiveCfg = Release|Any CPU
		{879FD991-DEE4-49CB-B7B0-A6A54A8C4C32}.Debug|Any CPU.ActiveCfg = Debug|Any CPU
		{879FD991-DEE4-49CB-B7B0-A6A54A8C4C32}.Debug|Any CPU.Build.0 = Debug|Any CPU
		{879FD991-DEE4-49CB-B7B0-A6A54A8C4C32}.Debug|Mixed Platforms.ActiveCfg = Debug|Any CPU
		{879FD991-DEE4-49CB-B7B0-A6A54A8C4C32}.Debug|Mixed Platforms.Build.0 = Debug|Any CPU
		{879FD991-DEE4-49CB-B7B0-A6A54A8C4C32}.Debug|x86.ActiveCfg = Debug|Any CPU
		{879FD991-DEE4-49CB-B7B0-A6A54A8C4C32}.Release|Any CPU.ActiveCfg = Release|Any CPU
		{879FD991-DEE4-49CB-B7B0-A6A54A8C4C32}.Release|Any CPU.Build.0 = Release|Any CPU
		{879FD991-DEE4-49CB-B7B0-A6A54A8C4C32}.Release|Mixed Platforms.ActiveCfg = Release|Any CPU
		{879FD991-DEE4-49CB-B7B0-A6A54A8C4C32}.Release|Mixed Platforms.Build.0 = Release|Any CPU
		{879FD991-DEE4-49CB-B7B0-A6A54A8C4C32}.Release|x86.ActiveCfg = Release|Any CPU
		{E323F4C6-A486-457B-BD45-A09AE244E818}.Debug|Any CPU.ActiveCfg = Debug|Any CPU
		{E323F4C6-A486-457B-BD45-A09AE244E818}.Debug|Any CPU.Build.0 = Debug|Any CPU
		{E323F4C6-A486-457B-BD45-A09AE244E818}.Debug|Mixed Platforms.ActiveCfg = Debug|Any CPU
		{E323F4C6-A486-457B-BD45-A09AE244E818}.Debug|Mixed Platforms.Build.0 = Debug|Any CPU
		{E323F4C6-A486-457B-BD45-A09AE244E818}.Debug|x86.ActiveCfg = Debug|Any CPU
		{E323F4C6-A486-457B-BD45-A09AE244E818}.Release|Any CPU.ActiveCfg = Release|Any CPU
		{E323F4C6-A486-457B-BD45-A09AE244E818}.Release|Any CPU.Build.0 = Release|Any CPU
		{E323F4C6-A486-457B-BD45-A09AE244E818}.Release|Mixed Platforms.ActiveCfg = Release|Any CPU
		{E323F4C6-A486-457B-BD45-A09AE244E818}.Release|Mixed Platforms.Build.0 = Release|Any CPU
		{E323F4C6-A486-457B-BD45-A09AE244E818}.Release|x86.ActiveCfg = Release|Any CPU
		{99DCE147-39CB-442E-A56E-6AEDB7A2F539}.Debug|Any CPU.ActiveCfg = Debug|x86
		{99DCE147-39CB-442E-A56E-6AEDB7A2F539}.Debug|Mixed Platforms.ActiveCfg = Debug|x86
		{99DCE147-39CB-442E-A56E-6AEDB7A2F539}.Debug|Mixed Platforms.Build.0 = Debug|x86
		{99DCE147-39CB-442E-A56E-6AEDB7A2F539}.Debug|x86.ActiveCfg = Debug|x86
		{99DCE147-39CB-442E-A56E-6AEDB7A2F539}.Debug|x86.Build.0 = Debug|x86
		{99DCE147-39CB-442E-A56E-6AEDB7A2F539}.Release|Any CPU.ActiveCfg = Release|x86
		{99DCE147-39CB-442E-A56E-6AEDB7A2F539}.Release|Mixed Platforms.ActiveCfg = Release|x86
		{99DCE147-39CB-442E-A56E-6AEDB7A2F539}.Release|Mixed Platforms.Build.0 = Release|x86
		{99DCE147-39CB-442E-A56E-6AEDB7A2F539}.Release|x86.ActiveCfg = Release|x86
		{99DCE147-39CB-442E-A56E-6AEDB7A2F539}.Release|x86.Build.0 = Release|x86
		{410653E3-DE85-4731-809A-8E695EAC4A2F}.Debug|Any CPU.ActiveCfg = Debug|x86
		{410653E3-DE85-4731-809A-8E695EAC4A2F}.Debug|Mixed Platforms.ActiveCfg = Debug|x86
		{410653E3-DE85-4731-809A-8E695EAC4A2F}.Debug|Mixed Platforms.Build.0 = Debug|x86
		{410653E3-DE85-4731-809A-8E695EAC4A2F}.Debug|x86.ActiveCfg = Debug|x86
		{410653E3-DE85-4731-809A-8E695EAC4A2F}.Debug|x86.Build.0 = Debug|x86
		{410653E3-DE85-4731-809A-8E695EAC4A2F}.Release|Any CPU.ActiveCfg = Release|x86
		{410653E3-DE85-4731-809A-8E695EAC4A2F}.Release|Mixed Platforms.ActiveCfg = Release|x86
		{410653E3-DE85-4731-809A-8E695EAC4A2F}.Release|Mixed Platforms.Build.0 = Release|x86
		{410653E3-DE85-4731-809A-8E695EAC4A2F}.Release|x86.ActiveCfg = Release|x86
		{410653E3-DE85-4731-809A-8E695EAC4A2F}.Release|x86.Build.0 = Release|x86
		{758DCFE3-FB9A-40CA-9996-4085689B5719}.Debug|Any CPU.ActiveCfg = Debug|Any CPU
		{758DCFE3-FB9A-40CA-9996-4085689B5719}.Debug|Any CPU.Build.0 = Debug|Any CPU
		{758DCFE3-FB9A-40CA-9996-4085689B5719}.Debug|Mixed Platforms.ActiveCfg = Debug|Any CPU
		{758DCFE3-FB9A-40CA-9996-4085689B5719}.Debug|Mixed Platforms.Build.0 = Debug|Any CPU
		{758DCFE3-FB9A-40CA-9996-4085689B5719}.Debug|x86.ActiveCfg = Debug|Any CPU
		{758DCFE3-FB9A-40CA-9996-4085689B5719}.Release|Any CPU.ActiveCfg = Release|Any CPU
		{758DCFE3-FB9A-40CA-9996-4085689B5719}.Release|Any CPU.Build.0 = Release|Any CPU
		{758DCFE3-FB9A-40CA-9996-4085689B5719}.Release|Mixed Platforms.ActiveCfg = Release|Any CPU
		{758DCFE3-FB9A-40CA-9996-4085689B5719}.Release|Mixed Platforms.Build.0 = Release|Any CPU
		{758DCFE3-FB9A-40CA-9996-4085689B5719}.Release|x86.ActiveCfg = Release|Any CPU
		{0EE769E3-7C0F-431A-A40A-BD97111A4AFF}.Debug|Any CPU.ActiveCfg = Debug|Any CPU
		{0EE769E3-7C0F-431A-A40A-BD97111A4AFF}.Debug|Any CPU.Build.0 = Debug|Any CPU
		{0EE769E3-7C0F-431A-A40A-BD97111A4AFF}.Debug|Mixed Platforms.ActiveCfg = Debug|Any CPU
		{0EE769E3-7C0F-431A-A40A-BD97111A4AFF}.Debug|Mixed Platforms.Build.0 = Debug|Any CPU
		{0EE769E3-7C0F-431A-A40A-BD97111A4AFF}.Debug|x86.ActiveCfg = Debug|Any CPU
		{0EE769E3-7C0F-431A-A40A-BD97111A4AFF}.Release|Any CPU.ActiveCfg = Release|Any CPU
		{0EE769E3-7C0F-431A-A40A-BD97111A4AFF}.Release|Any CPU.Build.0 = Release|Any CPU
		{0EE769E3-7C0F-431A-A40A-BD97111A4AFF}.Release|Mixed Platforms.ActiveCfg = Release|Any CPU
		{0EE769E3-7C0F-431A-A40A-BD97111A4AFF}.Release|Mixed Platforms.Build.0 = Release|Any CPU
		{0EE769E3-7C0F-431A-A40A-BD97111A4AFF}.Release|x86.ActiveCfg = Release|Any CPU
		{235629AC-26C1-46A1-8ADF-37BCE26A3F68}.Debug|Any CPU.ActiveCfg = Debug|x86
		{235629AC-26C1-46A1-8ADF-37BCE26A3F68}.Debug|Mixed Platforms.ActiveCfg = Debug|x86
		{235629AC-26C1-46A1-8ADF-37BCE26A3F68}.Debug|Mixed Platforms.Build.0 = Debug|x86
		{235629AC-26C1-46A1-8ADF-37BCE26A3F68}.Debug|x86.ActiveCfg = Debug|x86
		{235629AC-26C1-46A1-8ADF-37BCE26A3F68}.Debug|x86.Build.0 = Debug|x86
		{235629AC-26C1-46A1-8ADF-37BCE26A3F68}.Release|Any CPU.ActiveCfg = Release|x86
		{235629AC-26C1-46A1-8ADF-37BCE26A3F68}.Release|Mixed Platforms.ActiveCfg = Release|x86
		{235629AC-26C1-46A1-8ADF-37BCE26A3F68}.Release|Mixed Platforms.Build.0 = Release|x86
		{235629AC-26C1-46A1-8ADF-37BCE26A3F68}.Release|x86.ActiveCfg = Release|x86
		{235629AC-26C1-46A1-8ADF-37BCE26A3F68}.Release|x86.Build.0 = Release|x86
		{747933AE-0C39-4B9F-9511-CA4080753E9C}.Debug|Any CPU.ActiveCfg = Debug|x86
		{747933AE-0C39-4B9F-9511-CA4080753E9C}.Debug|Mixed Platforms.ActiveCfg = Debug|x86
		{747933AE-0C39-4B9F-9511-CA4080753E9C}.Debug|Mixed Platforms.Build.0 = Debug|x86
		{747933AE-0C39-4B9F-9511-CA4080753E9C}.Debug|x86.ActiveCfg = Debug|x86
		{747933AE-0C39-4B9F-9511-CA4080753E9C}.Debug|x86.Build.0 = Debug|x86
		{747933AE-0C39-4B9F-9511-CA4080753E9C}.Release|Any CPU.ActiveCfg = Release|x86
		{747933AE-0C39-4B9F-9511-CA4080753E9C}.Release|Mixed Platforms.ActiveCfg = Release|x86
		{747933AE-0C39-4B9F-9511-CA4080753E9C}.Release|Mixed Platforms.Build.0 = Release|x86
		{747933AE-0C39-4B9F-9511-CA4080753E9C}.Release|x86.ActiveCfg = Release|x86
		{747933AE-0C39-4B9F-9511-CA4080753E9C}.Release|x86.Build.0 = Release|x86
	EndGlobalSection
	GlobalSection(SolutionProperties) = preSolution
		HideSolutionNode = FALSE
	EndGlobalSection
	GlobalSection(NestedProjects) = preSolution
		{F4F8A43A-8F52-4216-9E5B-E03BCF5D50A8} = {EA838697-6911-4A47-A837-7A64582311B3}
		{FF6504D8-FEDB-4807-AC29-F456B157BC5A} = {EA838697-6911-4A47-A837-7A64582311B3}
		{135F6C54-A007-49C2-8AD8-B8D9047935C3} = {EA838697-6911-4A47-A837-7A64582311B3}
		{879FD991-DEE4-49CB-B7B0-A6A54A8C4C32} = {EA838697-6911-4A47-A837-7A64582311B3}
		{E323F4C6-A486-457B-BD45-A09AE244E818} = {EA838697-6911-4A47-A837-7A64582311B3}
		{758DCFE3-FB9A-40CA-9996-4085689B5719} = {EA838697-6911-4A47-A837-7A64582311B3}
		{BCB53D56-20A1-49F9-A9C0-49229529C77C} = {6A27BAAB-4D19-40B7-8CA2-8B3CB5FED20C}
		{8608F337-91A1-4260-8A2D-CE7EF0CA45B8} = {6A27BAAB-4D19-40B7-8CA2-8B3CB5FED20C}
		{F992559E-6820-4341-A489-1AF82F9FC8A5} = {B78EE688-EC60-4AF6-8E16-C4EFCC7A03D0}
		{0866F140-3BD7-4AA3-9B1C-7096B6721D99} = {B78EE688-EC60-4AF6-8E16-C4EFCC7A03D0}
		{20973A51-D353-4F60-802C-7AD3A50989F2} = {B78EE688-EC60-4AF6-8E16-C4EFCC7A03D0}
		{7A1F5303-BC4B-4BF6-97AD-E3A524CC1971} = {B78EE688-EC60-4AF6-8E16-C4EFCC7A03D0}
		{19A9B3B9-DC75-4A2D-B2AE-C0ABE17EC426} = {B78EE688-EC60-4AF6-8E16-C4EFCC7A03D0}
		{B0EEF272-C513-4C91-98DB-045AF4A6672C} = {B78EE688-EC60-4AF6-8E16-C4EFCC7A03D0}
		{21D3C04F-6FC7-40F7-9F78-4D35CF9B0783} = {B78EE688-EC60-4AF6-8E16-C4EFCC7A03D0}
		{C8F14943-5922-4682-868F-6B4E496527EB} = {B78EE688-EC60-4AF6-8E16-C4EFCC7A03D0}
		{3D016C6B-8F47-482B-A623-A2B8ED8C832D} = {B78EE688-EC60-4AF6-8E16-C4EFCC7A03D0}
		{6CA6A07E-022B-4044-9DC7-C489E261DBC0} = {B78EE688-EC60-4AF6-8E16-C4EFCC7A03D0}
		{99EE0832-C4AF-483A-AF3E-01BA65335C8D} = {B78EE688-EC60-4AF6-8E16-C4EFCC7A03D0}
		{C8B76D2A-9AF5-48EC-8C34-380626FE42D6} = {B78EE688-EC60-4AF6-8E16-C4EFCC7A03D0}
		{0EE769E3-7C0F-431A-A40A-BD97111A4AFF} = {B78EE688-EC60-4AF6-8E16-C4EFCC7A03D0}
		{235629AC-26C1-46A1-8ADF-37BCE26A3F68} = {B78EE688-EC60-4AF6-8E16-C4EFCC7A03D0}
		{747933AE-0C39-4B9F-9511-CA4080753E9C} = {B78EE688-EC60-4AF6-8E16-C4EFCC7A03D0}
		{83D745CC-2CA4-4B15-BE02-B57AF5550D86} = {85494251-E860-4B92-9D77-02A3F7B55503}
		{99DCE147-39CB-442E-A56E-6AEDB7A2F539} = {85494251-E860-4B92-9D77-02A3F7B55503}
		{410653E3-DE85-4731-809A-8E695EAC4A2F} = {85494251-E860-4B92-9D77-02A3F7B55503}
	EndGlobalSection
	GlobalSection(ExtensibilityGlobals) = postSolution
		EnterpriseLibraryConfigurationToolBinariesPath = packages\Unity.2.1.505.2\lib\NET35;packages\Unity.2.1.505.0\lib\NET35;packages\Unity.Interception.2.1.505.0\lib\NET35
	EndGlobalSection
EndGlobal
