
Microsoft Visual Studio Solution File, Format Version 12.00
# Visual Studio 2012
Project("{2150E333-8FDC-42A3-9474-1A3956D46DE8}") = "Test", "Test", "{6A821536-D545-411F-83C1-38A718E49DEF}"
EndProject
Project("{FAE04EC0-301F-11D3-BF4B-00C04F79EFBC}") = "Turbine.Data.Consumer", "..\Master\Turbine.Data.Consumer\Turbine.Data.Consumer.csproj", "{12C7723F-AA00-475A-A186-3BE80CEBC62D}"
EndProject
Project("{FAE04EC0-301F-11D3-BF4B-00C04F79EFBC}") = "Turbine.Data.Contract.Behaviors", "..\Master\Turbine.Data.Contract.Behaviors\Turbine.Data.Contract.Behaviors.csproj", "{F6E67385-2EBD-412A-A31C-9920610EEA1E}"
EndProject
Project("{FAE04EC0-301F-11D3-BF4B-00C04F79EFBC}") = "Turbine.Data.Serialize", "..\Master\Turbine.Data.Serialize\Turbine.Data.Serialize.csproj", "{FCC0496B-3C87-4030-8630-2A3A08181408}"
EndProject
Project("{FAE04EC0-301F-11D3-BF4B-00C04F79EFBC}") = "Turbine.Producer", "..\Master\Turbine.Producer\Turbine.Producer.csproj", "{BCB53D56-20A1-49F9-A9C0-49229529C77C}"
EndProject
Project("{FAE04EC0-301F-11D3-BF4B-00C04F79EFBC}") = "Turbine.Producer.Data.Contract.Behaviors", "..\Master\Turbine.Producer.Data.Contract.Behaviors\Turbine.Producer.Data.Contract.Behaviors.csproj", "{8608F337-91A1-4260-8A2D-CE7EF0CA45B8}"
EndProject
Project("{FAE04EC0-301F-11D3-BF4B-00C04F79EFBC}") = "Turbine.Web", "..\Master\Turbine.Web\Turbine.Web.csproj", "{06490331-48AF-4DBE-AEA0-75BF65868B90}"
EndProject
Project("{930C7802-8A8C-48F9-8165-68863BCCD9DD}") = "TurbineClusterGateway", "..\Master\TurbineClusterGateway\TurbineClusterGateway.wixproj", "{1419CF85-892B-4B68-BDE0-42B56D666DB0}"
	ProjectSection(ProjectDependencies) = postProject
		{06490331-48AF-4DBE-AEA0-75BF65868B90} = {06490331-48AF-4DBE-AEA0-75BF65868B90}
		{8608F337-91A1-4260-8A2D-CE7EF0CA45B8} = {8608F337-91A1-4260-8A2D-CE7EF0CA45B8}
		{12C7723F-AA00-475A-A186-3BE80CEBC62D} = {12C7723F-AA00-475A-A186-3BE80CEBC62D}
		{81783754-DB27-4ABC-886F-F631A9F3AF0D} = {81783754-DB27-4ABC-886F-F631A9F3AF0D}
		{BCB53D56-20A1-49F9-A9C0-49229529C77C} = {BCB53D56-20A1-49F9-A9C0-49229529C77C}
		{FCC0496B-3C87-4030-8630-2A3A08181408} = {FCC0496B-3C87-4030-8630-2A3A08181408}
		{F6E67385-2EBD-412A-A31C-9920610EEA1E} = {F6E67385-2EBD-412A-A31C-9920610EEA1E}
	EndProjectSection
EndProject
Project("{FAE04EC0-301F-11D3-BF4B-00C04F79EFBC}") = "SimpleWebApplication", "..\Master\SimpleWebApplication\SimpleWebApplication.csproj", "{81783754-DB27-4ABC-886F-F631A9F3AF0D}"
EndProject
Project("{FAE04EC0-301F-11D3-BF4B-00C04F79EFBC}") = "Turbine.Security", "..\Master\Turbine.Security\Turbine.Security.csproj", "{44CCE81F-6AD7-4D01-B219-89C12C6CAFC9}"
EndProject
Project("{FAE04EC0-301F-11D3-BF4B-00C04F79EFBC}") = "TurbineCustomAction", "..\Master\TurbineCustomAction\TurbineCustomAction.csproj", "{B1D58F18-1967-49F3-B170-28E5000B066E}"
EndProject
Project("{FAE04EC0-301F-11D3-BF4B-00C04F79EFBC}") = "TurbineAddUser", "..\Master\TurbineAddUser\TurbineAddUser.csproj", "{3F74131C-99D0-4129-AD61-0FDD596E5C87}"
EndProject
Project("{FAE04EC0-301F-11D3-BF4B-00C04F79EFBC}") = "TurbineChangePassword", "..\Master\TurbineChangePassword\TurbineChangePassword.csproj", "{8C2280B6-5CF1-407C-9FD7-D294736315AA}"
EndProject
Project("{2150E333-8FDC-42A3-9474-1A3956D46DE8}") = "Data", "Data", "{A17A7CF9-FC9E-4FB1-AA8F-D3F62718FC47}"
EndProject
Project("{2150E333-8FDC-42A3-9474-1A3956D46DE8}") = "Assemblies", "Assemblies", "{4953EF7D-7649-422E-AC12-FBACE6E02409}"
EndProject
Project("{FAE04EC0-301F-11D3-BF4B-00C04F79EFBC}") = "Turbine.DataEF6", "..\Master\Turbine.DataEF6\Turbine.DataEF6.csproj", "{7C0FA46A-937D-44E0-AD71-D96F383FA4CA}"
EndProject
Project("{FAE04EC0-301F-11D3-BF4B-00C04F79EFBC}") = "Turbine.Data.Entities", "..\Master\Turbine.Data.Entities\Turbine.Data.Entities.csproj", "{3EA3A2A9-ED28-4CDD-84BE-11A65B68834F}"
EndProject
Project("{FAE04EC0-301F-11D3-BF4B-00C04F79EFBC}") = "Turbine.DataEF6.Contract", "..\Master\Turbine.DataEF6.Contract\Turbine.DataEF6.Contract.csproj", "{3FF93C52-D576-4E80-81A4-AEBFD7F1F4FC}"
EndProject
Project("{FAE04EC0-301F-11D3-BF4B-00C04F79EFBC}") = "Turbine.Lite.Web.Resources", "..\Master\Turbine.Lite.Web.Resources\Turbine.Lite.Web.Resources.csproj", "{ABCCE275-0025-4532-8F4A-75B22E3C6241}"
EndProject
Global
	GlobalSection(SolutionConfigurationPlatforms) = preSolution
		Debug|Any CPU = Debug|Any CPU
		Debug|Mixed Platforms = Debug|Mixed Platforms
		Debug|x86 = Debug|x86
		Release|Any CPU = Release|Any CPU
		Release|Mixed Platforms = Release|Mixed Platforms
		Release|x86 = Release|x86
	EndGlobalSection
	GlobalSection(ProjectConfigurationPlatforms) = postSolution
		{12C7723F-AA00-475A-A186-3BE80CEBC62D}.Debug|Any CPU.ActiveCfg = Debug|Any CPU
		{12C7723F-AA00-475A-A186-3BE80CEBC62D}.Debug|Any CPU.Build.0 = Debug|Any CPU
		{12C7723F-AA00-475A-A186-3BE80CEBC62D}.Debug|Mixed Platforms.ActiveCfg = Debug|Any CPU
		{12C7723F-AA00-475A-A186-3BE80CEBC62D}.Debug|Mixed Platforms.Build.0 = Debug|Any CPU
		{12C7723F-AA00-475A-A186-3BE80CEBC62D}.Debug|x86.ActiveCfg = Debug|Any CPU
		{12C7723F-AA00-475A-A186-3BE80CEBC62D}.Release|Any CPU.ActiveCfg = Release|Any CPU
		{12C7723F-AA00-475A-A186-3BE80CEBC62D}.Release|Any CPU.Build.0 = Release|Any CPU
		{12C7723F-AA00-475A-A186-3BE80CEBC62D}.Release|Mixed Platforms.ActiveCfg = Release|Any CPU
		{12C7723F-AA00-475A-A186-3BE80CEBC62D}.Release|Mixed Platforms.Build.0 = Release|Any CPU
		{12C7723F-AA00-475A-A186-3BE80CEBC62D}.Release|x86.ActiveCfg = Release|Any CPU
		{F6E67385-2EBD-412A-A31C-9920610EEA1E}.Debug|Any CPU.ActiveCfg = Debug|Any CPU
		{F6E67385-2EBD-412A-A31C-9920610EEA1E}.Debug|Any CPU.Build.0 = Debug|Any CPU
		{F6E67385-2EBD-412A-A31C-9920610EEA1E}.Debug|Mixed Platforms.ActiveCfg = Debug|Any CPU
		{F6E67385-2EBD-412A-A31C-9920610EEA1E}.Debug|Mixed Platforms.Build.0 = Debug|Any CPU
		{F6E67385-2EBD-412A-A31C-9920610EEA1E}.Debug|x86.ActiveCfg = Debug|Any CPU
		{F6E67385-2EBD-412A-A31C-9920610EEA1E}.Release|Any CPU.ActiveCfg = Release|Any CPU
		{F6E67385-2EBD-412A-A31C-9920610EEA1E}.Release|Any CPU.Build.0 = Release|Any CPU
		{F6E67385-2EBD-412A-A31C-9920610EEA1E}.Release|Mixed Platforms.ActiveCfg = Release|Any CPU
		{F6E67385-2EBD-412A-A31C-9920610EEA1E}.Release|Mixed Platforms.Build.0 = Release|Any CPU
		{F6E67385-2EBD-412A-A31C-9920610EEA1E}.Release|x86.ActiveCfg = Release|Any CPU
		{FCC0496B-3C87-4030-8630-2A3A08181408}.Debug|Any CPU.ActiveCfg = Debug|Any CPU
		{FCC0496B-3C87-4030-8630-2A3A08181408}.Debug|Any CPU.Build.0 = Debug|Any CPU
		{FCC0496B-3C87-4030-8630-2A3A08181408}.Debug|Mixed Platforms.ActiveCfg = Debug|Any CPU
		{FCC0496B-3C87-4030-8630-2A3A08181408}.Debug|Mixed Platforms.Build.0 = Debug|Any CPU
		{FCC0496B-3C87-4030-8630-2A3A08181408}.Debug|x86.ActiveCfg = Debug|Any CPU
		{FCC0496B-3C87-4030-8630-2A3A08181408}.Release|Any CPU.ActiveCfg = Release|Any CPU
		{FCC0496B-3C87-4030-8630-2A3A08181408}.Release|Any CPU.Build.0 = Release|Any CPU
		{FCC0496B-3C87-4030-8630-2A3A08181408}.Release|Mixed Platforms.ActiveCfg = Release|Any CPU
		{FCC0496B-3C87-4030-8630-2A3A08181408}.Release|Mixed Platforms.Build.0 = Release|Any CPU
		{FCC0496B-3C87-4030-8630-2A3A08181408}.Release|x86.ActiveCfg = Release|Any CPU
		{BCB53D56-20A1-49F9-A9C0-49229529C77C}.Debug|Any CPU.ActiveCfg = Debug|Any CPU
		{BCB53D56-20A1-49F9-A9C0-49229529C77C}.Debug|Any CPU.Build.0 = Debug|Any CPU
		{BCB53D56-20A1-49F9-A9C0-49229529C77C}.Debug|Mixed Platforms.ActiveCfg = Debug|Any CPU
		{BCB53D56-20A1-49F9-A9C0-49229529C77C}.Debug|Mixed Platforms.Build.0 = Debug|Any CPU
		{BCB53D56-20A1-49F9-A9C0-49229529C77C}.Debug|x86.ActiveCfg = Debug|Any CPU
		{BCB53D56-20A1-49F9-A9C0-49229529C77C}.Release|Any CPU.ActiveCfg = Release|Any CPU
		{BCB53D56-20A1-49F9-A9C0-49229529C77C}.Release|Any CPU.Build.0 = Release|Any CPU
		{BCB53D56-20A1-49F9-A9C0-49229529C77C}.Release|Mixed Platforms.ActiveCfg = Release|Any CPU
		{BCB53D56-20A1-49F9-A9C0-49229529C77C}.Release|Mixed Platforms.Build.0 = Release|Any CPU
		{BCB53D56-20A1-49F9-A9C0-49229529C77C}.Release|x86.ActiveCfg = Release|Any CPU
		{8608F337-91A1-4260-8A2D-CE7EF0CA45B8}.Debug|Any CPU.ActiveCfg = Debug|Any CPU
		{8608F337-91A1-4260-8A2D-CE7EF0CA45B8}.Debug|Any CPU.Build.0 = Debug|Any CPU
		{8608F337-91A1-4260-8A2D-CE7EF0CA45B8}.Debug|Mixed Platforms.ActiveCfg = Debug|Any CPU
		{8608F337-91A1-4260-8A2D-CE7EF0CA45B8}.Debug|Mixed Platforms.Build.0 = Debug|Any CPU
		{8608F337-91A1-4260-8A2D-CE7EF0CA45B8}.Debug|x86.ActiveCfg = Debug|Any CPU
		{8608F337-91A1-4260-8A2D-CE7EF0CA45B8}.Release|Any CPU.ActiveCfg = Release|Any CPU
		{8608F337-91A1-4260-8A2D-CE7EF0CA45B8}.Release|Any CPU.Build.0 = Release|Any CPU
		{8608F337-91A1-4260-8A2D-CE7EF0CA45B8}.Release|Mixed Platforms.ActiveCfg = Release|Any CPU
		{8608F337-91A1-4260-8A2D-CE7EF0CA45B8}.Release|Mixed Platforms.Build.0 = Release|Any CPU
		{8608F337-91A1-4260-8A2D-CE7EF0CA45B8}.Release|x86.ActiveCfg = Release|Any CPU
		{06490331-48AF-4DBE-AEA0-75BF65868B90}.Debug|Any CPU.ActiveCfg = Debug|Any CPU
		{06490331-48AF-4DBE-AEA0-75BF65868B90}.Debug|Any CPU.Build.0 = Debug|Any CPU
		{06490331-48AF-4DBE-AEA0-75BF65868B90}.Debug|Mixed Platforms.ActiveCfg = Debug|Any CPU
		{06490331-48AF-4DBE-AEA0-75BF65868B90}.Debug|Mixed Platforms.Build.0 = Debug|Any CPU
		{06490331-48AF-4DBE-AEA0-75BF65868B90}.Debug|x86.ActiveCfg = Debug|Any CPU
		{06490331-48AF-4DBE-AEA0-75BF65868B90}.Release|Any CPU.ActiveCfg = Release|Any CPU
		{06490331-48AF-4DBE-AEA0-75BF65868B90}.Release|Any CPU.Build.0 = Release|Any CPU
		{06490331-48AF-4DBE-AEA0-75BF65868B90}.Release|Mixed Platforms.ActiveCfg = Release|Any CPU
		{06490331-48AF-4DBE-AEA0-75BF65868B90}.Release|Mixed Platforms.Build.0 = Release|Any CPU
		{06490331-48AF-4DBE-AEA0-75BF65868B90}.Release|x86.ActiveCfg = Release|Any CPU
		{1419CF85-892B-4B68-BDE0-42B56D666DB0}.Debug|Any CPU.ActiveCfg = Debug|x86
		{1419CF85-892B-4B68-BDE0-42B56D666DB0}.Debug|Mixed Platforms.ActiveCfg = Debug|x86
		{1419CF85-892B-4B68-BDE0-42B56D666DB0}.Debug|Mixed Platforms.Build.0 = Debug|x86
		{1419CF85-892B-4B68-BDE0-42B56D666DB0}.Debug|x86.ActiveCfg = Debug|x86
		{1419CF85-892B-4B68-BDE0-42B56D666DB0}.Debug|x86.Build.0 = Debug|x86
		{1419CF85-892B-4B68-BDE0-42B56D666DB0}.Release|Any CPU.ActiveCfg = Release|x86
		{1419CF85-892B-4B68-BDE0-42B56D666DB0}.Release|Mixed Platforms.ActiveCfg = Release|x86
		{1419CF85-892B-4B68-BDE0-42B56D666DB0}.Release|Mixed Platforms.Build.0 = Release|x86
		{1419CF85-892B-4B68-BDE0-42B56D666DB0}.Release|x86.ActiveCfg = Release|x86
		{1419CF85-892B-4B68-BDE0-42B56D666DB0}.Release|x86.Build.0 = Release|x86
		{81783754-DB27-4ABC-886F-F631A9F3AF0D}.Debug|Any CPU.ActiveCfg = Debug|Any CPU
		{81783754-DB27-4ABC-886F-F631A9F3AF0D}.Debug|Any CPU.Build.0 = Debug|Any CPU
		{81783754-DB27-4ABC-886F-F631A9F3AF0D}.Debug|Mixed Platforms.ActiveCfg = Debug|Any CPU
		{81783754-DB27-4ABC-886F-F631A9F3AF0D}.Debug|Mixed Platforms.Build.0 = Debug|Any CPU
		{81783754-DB27-4ABC-886F-F631A9F3AF0D}.Debug|x86.ActiveCfg = Debug|Any CPU
		{81783754-DB27-4ABC-886F-F631A9F3AF0D}.Release|Any CPU.ActiveCfg = Release|Any CPU
		{81783754-DB27-4ABC-886F-F631A9F3AF0D}.Release|Any CPU.Build.0 = Release|Any CPU
		{81783754-DB27-4ABC-886F-F631A9F3AF0D}.Release|Mixed Platforms.ActiveCfg = Release|Any CPU
		{81783754-DB27-4ABC-886F-F631A9F3AF0D}.Release|Mixed Platforms.Build.0 = Release|Any CPU
		{81783754-DB27-4ABC-886F-F631A9F3AF0D}.Release|x86.ActiveCfg = Release|Any CPU
		{44CCE81F-6AD7-4D01-B219-89C12C6CAFC9}.Debug|Any CPU.ActiveCfg = Debug|Any CPU
		{44CCE81F-6AD7-4D01-B219-89C12C6CAFC9}.Debug|Any CPU.Build.0 = Debug|Any CPU
		{44CCE81F-6AD7-4D01-B219-89C12C6CAFC9}.Debug|Mixed Platforms.ActiveCfg = Debug|Any CPU
		{44CCE81F-6AD7-4D01-B219-89C12C6CAFC9}.Debug|Mixed Platforms.Build.0 = Debug|Any CPU
		{44CCE81F-6AD7-4D01-B219-89C12C6CAFC9}.Debug|x86.ActiveCfg = Debug|Any CPU
		{44CCE81F-6AD7-4D01-B219-89C12C6CAFC9}.Release|Any CPU.ActiveCfg = Release|Any CPU
		{44CCE81F-6AD7-4D01-B219-89C12C6CAFC9}.Release|Any CPU.Build.0 = Release|Any CPU
		{44CCE81F-6AD7-4D01-B219-89C12C6CAFC9}.Release|Mixed Platforms.ActiveCfg = Release|Any CPU
		{44CCE81F-6AD7-4D01-B219-89C12C6CAFC9}.Release|Mixed Platforms.Build.0 = Release|Any CPU
		{44CCE81F-6AD7-4D01-B219-89C12C6CAFC9}.Release|x86.ActiveCfg = Release|Any CPU
		{B1D58F18-1967-49F3-B170-28E5000B066E}.Debug|Any CPU.ActiveCfg = Debug|x86
		{B1D58F18-1967-49F3-B170-28E5000B066E}.Debug|Mixed Platforms.ActiveCfg = Debug|x86
		{B1D58F18-1967-49F3-B170-28E5000B066E}.Debug|Mixed Platforms.Build.0 = Debug|x86
		{B1D58F18-1967-49F3-B170-28E5000B066E}.Debug|x86.ActiveCfg = Debug|x86
		{B1D58F18-1967-49F3-B170-28E5000B066E}.Debug|x86.Build.0 = Debug|x86
		{B1D58F18-1967-49F3-B170-28E5000B066E}.Release|Any CPU.ActiveCfg = Release|x86
		{B1D58F18-1967-49F3-B170-28E5000B066E}.Release|Mixed Platforms.ActiveCfg = Release|x86
		{B1D58F18-1967-49F3-B170-28E5000B066E}.Release|Mixed Platforms.Build.0 = Release|x86
		{B1D58F18-1967-49F3-B170-28E5000B066E}.Release|x86.ActiveCfg = Release|x86
		{B1D58F18-1967-49F3-B170-28E5000B066E}.Release|x86.Build.0 = Release|x86
		{3F74131C-99D0-4129-AD61-0FDD596E5C87}.Debug|Any CPU.ActiveCfg = Debug|Any CPU
		{3F74131C-99D0-4129-AD61-0FDD596E5C87}.Debug|Any CPU.Build.0 = Debug|Any CPU
		{3F74131C-99D0-4129-AD61-0FDD596E5C87}.Debug|Mixed Platforms.ActiveCfg = Debug|Any CPU
		{3F74131C-99D0-4129-AD61-0FDD596E5C87}.Debug|Mixed Platforms.Build.0 = Debug|Any CPU
		{3F74131C-99D0-4129-AD61-0FDD596E5C87}.Debug|x86.ActiveCfg = Debug|Any CPU
		{3F74131C-99D0-4129-AD61-0FDD596E5C87}.Release|Any CPU.ActiveCfg = Release|Any CPU
		{3F74131C-99D0-4129-AD61-0FDD596E5C87}.Release|Any CPU.Build.0 = Release|Any CPU
		{3F74131C-99D0-4129-AD61-0FDD596E5C87}.Release|Mixed Platforms.ActiveCfg = Release|Any CPU
		{3F74131C-99D0-4129-AD61-0FDD596E5C87}.Release|Mixed Platforms.Build.0 = Release|Any CPU
		{3F74131C-99D0-4129-AD61-0FDD596E5C87}.Release|x86.ActiveCfg = Release|Any CPU
		{8C2280B6-5CF1-407C-9FD7-D294736315AA}.Debug|Any CPU.ActiveCfg = Debug|Any CPU
		{8C2280B6-5CF1-407C-9FD7-D294736315AA}.Debug|Any CPU.Build.0 = Debug|Any CPU
		{8C2280B6-5CF1-407C-9FD7-D294736315AA}.Debug|Mixed Platforms.ActiveCfg = Debug|Any CPU
		{8C2280B6-5CF1-407C-9FD7-D294736315AA}.Debug|Mixed Platforms.Build.0 = Debug|Any CPU
		{8C2280B6-5CF1-407C-9FD7-D294736315AA}.Debug|x86.ActiveCfg = Debug|Any CPU
		{8C2280B6-5CF1-407C-9FD7-D294736315AA}.Release|Any CPU.ActiveCfg = Release|Any CPU
		{8C2280B6-5CF1-407C-9FD7-D294736315AA}.Release|Any CPU.Build.0 = Release|Any CPU
		{8C2280B6-5CF1-407C-9FD7-D294736315AA}.Release|Mixed Platforms.ActiveCfg = Release|Any CPU
		{8C2280B6-5CF1-407C-9FD7-D294736315AA}.Release|Mixed Platforms.Build.0 = Release|Any CPU
		{8C2280B6-5CF1-407C-9FD7-D294736315AA}.Release|x86.ActiveCfg = Release|Any CPU
		{7C0FA46A-937D-44E0-AD71-D96F383FA4CA}.Debug|Any CPU.ActiveCfg = Debug|Any CPU
		{7C0FA46A-937D-44E0-AD71-D96F383FA4CA}.Debug|Any CPU.Build.0 = Debug|Any CPU
		{7C0FA46A-937D-44E0-AD71-D96F383FA4CA}.Debug|Mixed Platforms.ActiveCfg = Debug|Any CPU
		{7C0FA46A-937D-44E0-AD71-D96F383FA4CA}.Debug|Mixed Platforms.Build.0 = Debug|Any CPU
		{7C0FA46A-937D-44E0-AD71-D96F383FA4CA}.Debug|x86.ActiveCfg = Debug|Any CPU
		{7C0FA46A-937D-44E0-AD71-D96F383FA4CA}.Release|Any CPU.ActiveCfg = Release|Any CPU
		{7C0FA46A-937D-44E0-AD71-D96F383FA4CA}.Release|Any CPU.Build.0 = Release|Any CPU
		{7C0FA46A-937D-44E0-AD71-D96F383FA4CA}.Release|Mixed Platforms.ActiveCfg = Release|Any CPU
		{7C0FA46A-937D-44E0-AD71-D96F383FA4CA}.Release|Mixed Platforms.Build.0 = Release|Any CPU
		{7C0FA46A-937D-44E0-AD71-D96F383FA4CA}.Release|x86.ActiveCfg = Release|Any CPU
		{3EA3A2A9-ED28-4CDD-84BE-11A65B68834F}.Debug|Any CPU.ActiveCfg = Debug|Any CPU
		{3EA3A2A9-ED28-4CDD-84BE-11A65B68834F}.Debug|Any CPU.Build.0 = Debug|Any CPU
		{3EA3A2A9-ED28-4CDD-84BE-11A65B68834F}.Debug|Mixed Platforms.ActiveCfg = Debug|Any CPU
		{3EA3A2A9-ED28-4CDD-84BE-11A65B68834F}.Debug|Mixed Platforms.Build.0 = Debug|Any CPU
		{3EA3A2A9-ED28-4CDD-84BE-11A65B68834F}.Debug|x86.ActiveCfg = Debug|Any CPU
		{3EA3A2A9-ED28-4CDD-84BE-11A65B68834F}.Release|Any CPU.ActiveCfg = Release|Any CPU
		{3EA3A2A9-ED28-4CDD-84BE-11A65B68834F}.Release|Any CPU.Build.0 = Release|Any CPU
		{3EA3A2A9-ED28-4CDD-84BE-11A65B68834F}.Release|Mixed Platforms.ActiveCfg = Release|Any CPU
		{3EA3A2A9-ED28-4CDD-84BE-11A65B68834F}.Release|Mixed Platforms.Build.0 = Release|Any CPU
		{3EA3A2A9-ED28-4CDD-84BE-11A65B68834F}.Release|x86.ActiveCfg = Release|Any CPU
		{3FF93C52-D576-4E80-81A4-AEBFD7F1F4FC}.Debug|Any CPU.ActiveCfg = Debug|Any CPU
		{3FF93C52-D576-4E80-81A4-AEBFD7F1F4FC}.Debug|Any CPU.Build.0 = Debug|Any CPU
		{3FF93C52-D576-4E80-81A4-AEBFD7F1F4FC}.Debug|Mixed Platforms.ActiveCfg = Debug|Any CPU
		{3FF93C52-D576-4E80-81A4-AEBFD7F1F4FC}.Debug|Mixed Platforms.Build.0 = Debug|Any CPU
		{3FF93C52-D576-4E80-81A4-AEBFD7F1F4FC}.Debug|x86.ActiveCfg = Debug|Any CPU
		{3FF93C52-D576-4E80-81A4-AEBFD7F1F4FC}.Release|Any CPU.ActiveCfg = Release|Any CPU
		{3FF93C52-D576-4E80-81A4-AEBFD7F1F4FC}.Release|Any CPU.Build.0 = Release|Any CPU
		{3FF93C52-D576-4E80-81A4-AEBFD7F1F4FC}.Release|Mixed Platforms.ActiveCfg = Release|Any CPU
		{3FF93C52-D576-4E80-81A4-AEBFD7F1F4FC}.Release|Mixed Platforms.Build.0 = Release|Any CPU
		{3FF93C52-D576-4E80-81A4-AEBFD7F1F4FC}.Release|x86.ActiveCfg = Release|Any CPU
		{ABCCE275-0025-4532-8F4A-75B22E3C6241}.Debug|Any CPU.ActiveCfg = Debug|Any CPU
		{ABCCE275-0025-4532-8F4A-75B22E3C6241}.Debug|Any CPU.Build.0 = Debug|Any CPU
		{ABCCE275-0025-4532-8F4A-75B22E3C6241}.Debug|Mixed Platforms.ActiveCfg = Debug|Any CPU
		{ABCCE275-0025-4532-8F4A-75B22E3C6241}.Debug|Mixed Platforms.Build.0 = Debug|Any CPU
		{ABCCE275-0025-4532-8F4A-75B22E3C6241}.Debug|x86.ActiveCfg = Debug|Any CPU
		{ABCCE275-0025-4532-8F4A-75B22E3C6241}.Release|Any CPU.ActiveCfg = Release|Any CPU
		{ABCCE275-0025-4532-8F4A-75B22E3C6241}.Release|Any CPU.Build.0 = Release|Any CPU
		{ABCCE275-0025-4532-8F4A-75B22E3C6241}.Release|Mixed Platforms.ActiveCfg = Release|Any CPU
		{ABCCE275-0025-4532-8F4A-75B22E3C6241}.Release|Mixed Platforms.Build.0 = Release|Any CPU
		{ABCCE275-0025-4532-8F4A-75B22E3C6241}.Release|x86.ActiveCfg = Release|Any CPU
	EndGlobalSection
	GlobalSection(SolutionProperties) = preSolution
		HideSolutionNode = FALSE
	EndGlobalSection
	GlobalSection(NestedProjects) = preSolution
		{BCB53D56-20A1-49F9-A9C0-49229529C77C} = {4953EF7D-7649-422E-AC12-FBACE6E02409}
		{8608F337-91A1-4260-8A2D-CE7EF0CA45B8} = {4953EF7D-7649-422E-AC12-FBACE6E02409}
		{06490331-48AF-4DBE-AEA0-75BF65868B90} = {4953EF7D-7649-422E-AC12-FBACE6E02409}
		{81783754-DB27-4ABC-886F-F631A9F3AF0D} = {4953EF7D-7649-422E-AC12-FBACE6E02409}
		{44CCE81F-6AD7-4D01-B219-89C12C6CAFC9} = {4953EF7D-7649-422E-AC12-FBACE6E02409}
		{3F74131C-99D0-4129-AD61-0FDD596E5C87} = {4953EF7D-7649-422E-AC12-FBACE6E02409}
		{8C2280B6-5CF1-407C-9FD7-D294736315AA} = {4953EF7D-7649-422E-AC12-FBACE6E02409}
		{ABCCE275-0025-4532-8F4A-75B22E3C6241} = {4953EF7D-7649-422E-AC12-FBACE6E02409}
		{F6E67385-2EBD-412A-A31C-9920610EEA1E} = {A17A7CF9-FC9E-4FB1-AA8F-D3F62718FC47}
		{FCC0496B-3C87-4030-8630-2A3A08181408} = {A17A7CF9-FC9E-4FB1-AA8F-D3F62718FC47}
		{12C7723F-AA00-475A-A186-3BE80CEBC62D} = {A17A7CF9-FC9E-4FB1-AA8F-D3F62718FC47}
		{7C0FA46A-937D-44E0-AD71-D96F383FA4CA} = {A17A7CF9-FC9E-4FB1-AA8F-D3F62718FC47}
		{3EA3A2A9-ED28-4CDD-84BE-11A65B68834F} = {A17A7CF9-FC9E-4FB1-AA8F-D3F62718FC47}
		{3FF93C52-D576-4E80-81A4-AEBFD7F1F4FC} = {A17A7CF9-FC9E-4FB1-AA8F-D3F62718FC47}
	EndGlobalSection
	GlobalSection(ExtensibilityGlobals) = postSolution
		EnterpriseLibraryConfigurationToolBinariesPath = packages\Unity.2.1.505.2\lib\NET35;packages\Unity.Interception.2.1.505.2\lib\NET35
	EndGlobalSection
EndGlobal
